// !$*UTF8*$!
{
	archiveVersion = 1;
	classes = {
	};
	objectVersion = 56;
	objects = {

/* Begin PBXBuildFile section */
		A6A719012B2242230012BF1D /* AppDelegate.swift in Sources */ = {isa = PBXBuildFile; fileRef = A6A719002B2242230012BF1D /* AppDelegate.swift */; };
		A6A719032B2242230012BF1D /* SceneDelegate.swift in Sources */ = {isa = PBXBuildFile; fileRef = A6A719022B2242230012BF1D /* SceneDelegate.swift */; };
		A6A719052B2242230012BF1D /* ViewController.swift in Sources */ = {isa = PBXBuildFile; fileRef = A6A719042B2242230012BF1D /* ViewController.swift */; };
		A6A719082B2242230012BF1D /* Main.storyboard in Resources */ = {isa = PBXBuildFile; fileRef = A6A719062B2242230012BF1D /* Main.storyboard */; };
		A6A7190A2B2242240012BF1D /* Assets.xcassets in Resources */ = {isa = PBXBuildFile; fileRef = A6A719092B2242240012BF1D /* Assets.xcassets */; };
		A6A7190D2B2242240012BF1D /* LaunchScreen.storyboard in Resources */ = {isa = PBXBuildFile; fileRef = A6A7190B2B2242240012BF1D /* LaunchScreen.storyboard */; };
		A6A719182B2242240012BF1D /* tstTests.swift in Sources */ = {isa = PBXBuildFile; fileRef = A6A719172B2242240012BF1D /* tstTests.swift */; };
		A6A719222B2242240012BF1D /* tstUITests.swift in Sources */ = {isa = PBXBuildFile; fileRef = A6A719212B2242240012BF1D /* tstUITests.swift */; };
		A6A719242B2242240012BF1D /* tstUITestsLaunchTests.swift in Sources */ = {isa = PBXBuildFile; fileRef = A6A719232B2242240012BF1D /* tstUITestsLaunchTests.swift */; };
/* End PBXBuildFile section */

/* Begin PBXContainerItemProxy section */
		A6A719142B2242240012BF1D /* PBXContainerItemProxy */ = {
			isa = PBXContainerItemProxy;
			containerPortal = A6A718F52B2242230012BF1D /* Project object */;
			proxyType = 1;
			remoteGlobalIDString = A6A718FC2B2242230012BF1D;
			remoteInfo = tst;
		};
		A6A7191E2B2242240012BF1D /* PBXContainerItemProxy */ = {
			isa = PBXContainerItemProxy;
			containerPortal = A6A718F52B2242230012BF1D /* Project object */;
			proxyType = 1;
			remoteGlobalIDString = A6A718FC2B2242230012BF1D;
			remoteInfo = tst;
		};
/* End PBXContainerItemProxy section */

/* Begin PBXFileReference section */
		A6A718FD2B2242230012BF1D /* tst.app */ = {isa = PBXFileReference; explicitFileType = wrapper.application; includeInIndex = 0; path = tst.app; sourceTree = BUILT_PRODUCTS_DIR; };
		A6A719002B2242230012BF1D /* AppDelegate.swift */ = {isa = PBXFileReference; lastKnownFileType = sourcecode.swift; path = AppDelegate.swift; sourceTree = "<group>"; };
		A6A719022B2242230012BF1D /* SceneDelegate.swift */ = {isa = PBXFileReference; lastKnownFileType = sourcecode.swift; path = SceneDelegate.swift; sourceTree = "<group>"; };
		A6A719042B2242230012BF1D /* ViewController.swift */ = {isa = PBXFileReference; lastKnownFileType = sourcecode.swift; path = ViewController.swift; sourceTree = "<group>"; };
		A6A719072B2242230012BF1D /* Base */ = {isa = PBXFileReference; lastKnownFileType = file.storyboard; name = Base; path = Base.lproj/Main.storyboard; sourceTree = "<group>"; };
		A6A719092B2242240012BF1D /* Assets.xcassets */ = {isa = PBXFileReference; lastKnownFileType = folder.assetcatalog; path = Assets.xcassets; sourceTree = "<group>"; };
		A6A7190C2B2242240012BF1D /* Base */ = {isa = PBXFileReference; lastKnownFileType = file.storyboard; name = Base; path = Base.lproj/LaunchScreen.storyboard; sourceTree = "<group>"; };
		A6A7190E2B2242240012BF1D /* Info.plist */ = {isa = PBXFileReference; lastKnownFileType = text.plist.xml; path = Info.plist; sourceTree = "<group>"; };
		A6A719132B2242240012BF1D /* tstTests.xctest */ = {isa = PBXFileReference; explicitFileType = wrapper.cfbundle; includeInIndex = 0; path = tstTests.xctest; sourceTree = BUILT_PRODUCTS_DIR; };
		A6A719172B2242240012BF1D /* tstTests.swift */ = {isa = PBXFileReference; lastKnownFileType = sourcecode.swift; path = tstTests.swift; sourceTree = "<group>"; };
		A6A7191D2B2242240012BF1D /* tstUITests.xctest */ = {isa = PBXFileReference; explicitFileType = wrapper.cfbundle; includeInIndex = 0; path = tstUITests.xctest; sourceTree = BUILT_PRODUCTS_DIR; };
		A6A719212B2242240012BF1D /* tstUITests.swift */ = {isa = PBXFileReference; lastKnownFileType = sourcecode.swift; path = tstUITests.swift; sourceTree = "<group>"; };
		A6A719232B2242240012BF1D /* tstUITestsLaunchTests.swift */ = {isa = PBXFileReference; lastKnownFileType = sourcecode.swift; path = tstUITestsLaunchTests.swift; sourceTree = "<group>"; };
/* End PBXFileReference section */

/* Begin PBXFrameworksBuildPhase section */
		A6A718FA2B2242230012BF1D /* Frameworks */ = {
			isa = PBXFrameworksBuildPhase;
			buildActionMask = 2147483647;
			files = (
			);
			runOnlyForDeploymentPostprocessing = 0;
		};
		A6A719102B2242240012BF1D /* Frameworks */ = {
			isa = PBXFrameworksBuildPhase;
			buildActionMask = 2147483647;
			files = (
			);
			runOnlyForDeploymentPostprocessing = 0;
		};
		A6A7191A2B2242240012BF1D /* Frameworks */ = {
			isa = PBXFrameworksBuildPhase;
			buildActionMask = 2147483647;
			files = (
			);
			runOnlyForDeploymentPostprocessing = 0;
		};
/* End PBXFrameworksBuildPhase section */

/* Begin PBXGroup section */
		A6A718F42B2242230012BF1D = {
			isa = PBXGroup;
			children = (
				A6A718FF2B2242230012BF1D /* tst */,
				A6A719162B2242240012BF1D /* tstTests */,
				A6A719202B2242240012BF1D /* tstUITests */,
				A6A718FE2B2242230012BF1D /* Products */,
			);
			sourceTree = "<group>";
		};
		A6A718FE2B2242230012BF1D /* Products */ = {
			isa = PBXGroup;
			children = (
				A6A718FD2B2242230012BF1D /* tst.app */,
				A6A719132B2242240012BF1D /* tstTests.xctest */,
				A6A7191D2B2242240012BF1D /* tstUITests.xctest */,
			);
			name = Products;
			sourceTree = "<group>";
		};
		A6A718FF2B2242230012BF1D /* tst */ = {
			isa = PBXGroup;
			children = (
				A6A719002B2242230012BF1D /* AppDelegate.swift */,
				A6A719022B2242230012BF1D /* SceneDelegate.swift */,
				A6A719042B2242230012BF1D /* ViewController.swift */,
				A6A719062B2242230012BF1D /* Main.storyboard */,
				A6A719092B2242240012BF1D /* Assets.xcassets */,
				A6A7190B2B2242240012BF1D /* LaunchScreen.storyboard */,
				A6A7190E2B2242240012BF1D /* Info.plist */,
			);
			path = tst;
			sourceTree = "<group>";
		};
		A6A719162B2242240012BF1D /* tstTests */ = {
			isa = PBXGroup;
			children = (
				A6A719172B2242240012BF1D /* tstTests.swift */,
			);
			path = tstTests;
			sourceTree = "<group>";
		};
		A6A719202B2242240012BF1D /* tstUITests */ = {
			isa = PBXGroup;
			children = (
				A6A719212B2242240012BF1D /* tstUITests.swift */,
				A6A719232B2242240012BF1D /* tstUITestsLaunchTests.swift */,
			);
			path = tstUITests;
			sourceTree = "<group>";
		};
/* End PBXGroup section */

/* Begin PBXNativeTarget section */
		A6A718FC2B2242230012BF1D /* tst */ = {
			isa = PBXNativeTarget;
			buildConfigurationList = A6A719272B2242240012BF1D /* Build configuration list for PBXNativeTarget "tst" */;
			buildPhases = (
				A6A718F92B2242230012BF1D /* Sources */,
				A6A718FA2B2242230012BF1D /* Frameworks */,
				A6A718FB2B2242230012BF1D /* Resources */,
			);
			buildRules = (
			);
			dependencies = (
			);
			name = tst;
			productName = tst;
			productReference = A6A718FD2B2242230012BF1D /* tst.app */;
			productType = "com.apple.product-type.application";
		};
		A6A719122B2242240012BF1D /* tstTests */ = {
			isa = PBXNativeTarget;
			buildConfigurationList = A6A7192A2B2242240012BF1D /* Build configuration list for PBXNativeTarget "tstTests" */;
			buildPhases = (
				A6A7190F2B2242240012BF1D /* Sources */,
				A6A719102B2242240012BF1D /* Frameworks */,
				A6A719112B2242240012BF1D /* Resources */,
			);
			buildRules = (
			);
			dependencies = (
				A6A719152B2242240012BF1D /* PBXTargetDependency */,
			);
			name = tstTests;
			productName = tstTests;
			productReference = A6A719132B2242240012BF1D /* tstTests.xctest */;
			productType = "com.apple.product-type.bundle.unit-test";
		};
		A6A7191C2B2242240012BF1D /* tstUITests */ = {
			isa = PBXNativeTarget;
			buildConfigurationList = A6A7192D2B2242240012BF1D /* Build configuration list for PBXNativeTarget "tstUITests" */;
			buildPhases = (
				A6A719192B2242240012BF1D /* Sources */,
				A6A7191A2B2242240012BF1D /* Frameworks */,
				A6A7191B2B2242240012BF1D /* Resources */,
			);
			buildRules = (
			);
			dependencies = (
				A6A7191F2B2242240012BF1D /* PBXTargetDependency */,
			);
			name = tstUITests;
			productName = tstUITests;
			productReference = A6A7191D2B2242240012BF1D /* tstUITests.xctest */;
			productType = "com.apple.product-type.bundle.ui-testing";
		};
/* End PBXNativeTarget section */

/* Begin PBXProject section */
		A6A718F52B2242230012BF1D /* Project object */ = {
			isa = PBXProject;
			attributes = {
				BuildIndependentTargetsInParallel = 1;
				LastSwiftUpdateCheck = 1500;
				LastUpgradeCheck = 1500;
				TargetAttributes = {
					A6A718FC2B2242230012BF1D = {
						CreatedOnToolsVersion = 15.0.1;
					};
					A6A719122B2242240012BF1D = {
						CreatedOnToolsVersion = 15.0.1;
						TestTargetID = A6A718FC2B2242230012BF1D;
					};
					A6A7191C2B2242240012BF1D = {
						CreatedOnToolsVersion = 15.0.1;
						TestTargetID = A6A718FC2B2242230012BF1D;
					};
				};
			};
			buildConfigurationList = A6A718F82B2242230012BF1D /* Build configuration list for PBXProject "tst" */;
			compatibilityVersion = "Xcode 14.0";
			developmentRegion = en;
			hasScannedForEncodings = 0;
			knownRegions = (
				en,
				Base,
			);
			mainGroup = A6A718F42B2242230012BF1D;
			productRefGroup = A6A718FE2B2242230012BF1D /* Products */;
			projectDirPath = "";
			projectRoot = "";
			targets = (
				A6A718FC2B2242230012BF1D /* tst */,
				A6A719122B2242240012BF1D /* tstTests */,
				A6A7191C2B2242240012BF1D /* tstUITests */,
			);
		};
/* End PBXProject section */

/* Begin PBXResourcesBuildPhase section */
		A6A718FB2B2242230012BF1D /* Resources */ = {
			isa = PBXResourcesBuildPhase;
			buildActionMask = 2147483647;
			files = (
				A6A7190D2B2242240012BF1D /* LaunchScreen.storyboard in Resources */,
				A6A7190A2B2242240012BF1D /* Assets.xcassets in Resources */,
				A6A719082B2242230012BF1D /* Main.storyboard in Resources */,
			);
			runOnlyForDeploymentPostprocessing = 0;
		};
		A6A719112B2242240012BF1D /* Resources */ = {
			isa = PBXResourcesBuildPhase;
			buildActionMask = 2147483647;
			files = (
			);
			runOnlyForDeploymentPostprocessing = 0;
		};
		A6A7191B2B2242240012BF1D /* Resources */ = {
			isa = PBXResourcesBuildPhase;
			buildActionMask = 2147483647;
			files = (
			);
			runOnlyForDeploymentPostprocessing = 0;
		};
/* End PBXResourcesBuildPhase section */

/* Begin PBXSourcesBuildPhase section */
		A6A718F92B2242230012BF1D /* Sources */ = {
			isa = PBXSourcesBuildPhase;
			buildActionMask = 2147483647;
			files = (
				A6A719052B2242230012BF1D /* ViewController.swift in Sources */,
				A6A719012B2242230012BF1D /* AppDelegate.swift in Sources */,
				A6A719032B2242230012BF1D /* SceneDelegate.swift in Sources */,
			);
			runOnlyForDeploymentPostprocessing = 0;
		};
		A6A7190F2B2242240012BF1D /* Sources */ = {
			isa = PBXSourcesBuildPhase;
			buildActionMask = 2147483647;
			files = (
				A6A719182B2242240012BF1D /* tstTests.swift in Sources */,
			);
			runOnlyForDeploymentPostprocessing = 0;
		};
		A6A719192B2242240012BF1D /* Sources */ = {
			isa = PBXSourcesBuildPhase;
			buildActionMask = 2147483647;
			files = (
				A6A719242B2242240012BF1D /* tstUITestsLaunchTests.swift in Sources */,
				A6A719222B2242240012BF1D /* tstUITests.swift in Sources */,
			);
			runOnlyForDeploymentPostprocessing = 0;
		};
/* End PBXSourcesBuildPhase section */

/* Begin PBXTargetDependency section */
		A6A719152B2242240012BF1D /* PBXTargetDependency */ = {
			isa = PBXTargetDependency;
			target = A6A718FC2B2242230012BF1D /* tst */;
			targetProxy = A6A719142B2242240012BF1D /* PBXContainerItemProxy */;
		};
		A6A7191F2B2242240012BF1D /* PBXTargetDependency */ = {
			isa = PBXTargetDependency;
			target = A6A718FC2B2242230012BF1D /* tst */;
			targetProxy = A6A7191E2B2242240012BF1D /* PBXContainerItemProxy */;
		};
/* End PBXTargetDependency section */

/* Begin PBXVariantGroup section */
		A6A719062B2242230012BF1D /* Main.storyboard */ = {
			isa = PBXVariantGroup;
			children = (
				A6A719072B2242230012BF1D /* Base */,
			);
			name = Main.storyboard;
			sourceTree = "<group>";
		};
		A6A7190B2B2242240012BF1D /* LaunchScreen.storyboard */ = {
			isa = PBXVariantGroup;
			children = (
				A6A7190C2B2242240012BF1D /* Base */,
			);
			name = LaunchScreen.storyboard;
			sourceTree = "<group>";
		};
/* End PBXVariantGroup section */

/* Begin XCBuildConfiguration section */
		A6A719252B2242240012BF1D /* Debug */ = {
			isa = XCBuildConfiguration;
			buildSettings = {
				ALWAYS_SEARCH_USER_PATHS = NO;
				ASSETCATALOG_COMPILER_GENERATE_SWIFT_ASSET_SYMBOL_EXTENSIONS = YES;
				CLANG_ANALYZER_NONNULL = YES;
				CLANG_ANALYZER_NUMBER_OBJECT_CONVERSION = YES_AGGRESSIVE;
				CLANG_CXX_LANGUAGE_STANDARD = "gnu++20";
				CLANG_ENABLE_MODULES = YES;
				CLANG_ENABLE_OBJC_ARC = YES;
				CLANG_ENABLE_OBJC_WEAK = YES;
				CLANG_WARN_BLOCK_CAPTURE_AUTORELEASING = YES;
				CLANG_WARN_BOOL_CONVERSION = YES;
				CLANG_WARN_COMMA = YES;
				CLANG_WARN_CONSTANT_CONVERSION = YES;
				CLANG_WARN_DEPRECATED_OBJC_IMPLEMENTATIONS = YES;
				CLANG_WARN_DIRECT_OBJC_ISA_USAGE = YES_ERROR;
				CLANG_WARN_DOCUMENTATION_COMMENTS = YES;
				CLANG_WARN_EMPTY_BODY = YES;
				CLANG_WARN_ENUM_CONVERSION = YES;
				CLANG_WARN_INFINITE_RECURSION = YES;
				CLANG_WARN_INT_CONVERSION = YES;
				CLANG_WARN_NON_LITERAL_NULL_CONVERSION = YES;
				CLANG_WARN_OBJC_IMPLICIT_RETAIN_SELF = YES;
				CLANG_WARN_OBJC_LITERAL_CONVERSION = YES;
				CLANG_WARN_OBJC_ROOT_CLASS = YES_ERROR;
				CLANG_WARN_QUOTED_INCLUDE_IN_FRAMEWORK_HEADER = YES;
				CLANG_WARN_RANGE_LOOP_ANALYSIS = YES;
				CLANG_WARN_STRICT_PROTOTYPES = YES;
				CLANG_WARN_SUSPICIOUS_MOVE = YES;
				CLANG_WARN_UNGUARDED_AVAILABILITY = YES_AGGRESSIVE;
				CLANG_WARN_UNREACHABLE_CODE = YES;
				CLANG_WARN__DUPLICATE_METHOD_MATCH = YES;
				COPY_PHASE_STRIP = NO;
				DEBUG_INFORMATION_FORMAT = dwarf;
				ENABLE_STRICT_OBJC_MSGSEND = YES;
				ENABLE_TESTABILITY = YES;
				ENABLE_USER_SCRIPT_SANDBOXING = YES;
				GCC_C_LANGUAGE_STANDARD = gnu17;
				GCC_DYNAMIC_NO_PIC = NO;
				GCC_NO_COMMON_BLOCKS = YES;
				GCC_OPTIMIZATION_LEVEL = 0;
				GCC_PREPROCESSOR_DEFINITIONS = (
					"DEBUG=1",
					"$(inherited)",
				);
				GCC_WARN_64_TO_32_BIT_CONVERSION = YES;
				GCC_WARN_ABOUT_RETURN_TYPE = YES_ERROR;
				GCC_WARN_UNDECLARED_SELECTOR = YES;
				GCC_WARN_UNINITIALIZED_AUTOS = YES_AGGRESSIVE;
				GCC_WARN_UNUSED_FUNCTION = YES;
				GCC_WARN_UNUSED_VARIABLE = YES;
				IPHONEOS_DEPLOYMENT_TARGET = 17.0;
				LOCALIZATION_PREFERS_STRING_CATALOGS = YES;
				MTL_ENABLE_DEBUG_INFO = INCLUDE_SOURCE;
				MTL_FAST_MATH = YES;
				ONLY_ACTIVE_ARCH = YES;
				SDKROOT = iphoneos;
				SWIFT_ACTIVE_COMPILATION_CONDITIONS = "DEBUG $(inherited)";
				SWIFT_OPTIMIZATION_LEVEL = "-Onone";
			};
			name = Debug;
		};
		A6A719262B2242240012BF1D /* Release */ = {
			isa = XCBuildConfiguration;
			buildSettings = {
				ALWAYS_SEARCH_USER_PATHS = NO;
				ASSETCATALOG_COMPILER_GENERATE_SWIFT_ASSET_SYMBOL_EXTENSIONS = YES;
				CLANG_ANALYZER_NONNULL = YES;
				CLANG_ANALYZER_NUMBER_OBJECT_CONVERSION = YES_AGGRESSIVE;
				CLANG_CXX_LANGUAGE_STANDARD = "gnu++20";
				CLANG_ENABLE_MODULES = YES;
				CLANG_ENABLE_OBJC_ARC = YES;
				CLANG_ENABLE_OBJC_WEAK = YES;
				CLANG_WARN_BLOCK_CAPTURE_AUTORELEASING = YES;
				CLANG_WARN_BOOL_CONVERSION = YES;
				CLANG_WARN_COMMA = YES;
				CLANG_WARN_CONSTANT_CONVERSION = YES;
				CLANG_WARN_DEPRECATED_OBJC_IMPLEMENTATIONS = YES;
				CLANG_WARN_DIRECT_OBJC_ISA_USAGE = YES_ERROR;
				CLANG_WARN_DOCUMENTATION_COMMENTS = YES;
				CLANG_WARN_EMPTY_BODY = YES;
				CLANG_WARN_ENUM_CONVERSION = YES;
				CLANG_WARN_INFINITE_RECURSION = YES;
				CLANG_WARN_INT_CONVERSION = YES;
				CLANG_WARN_NON_LITERAL_NULL_CONVERSION = YES;
				CLANG_WARN_OBJC_IMPLICIT_RETAIN_SELF = YES;
				CLANG_WARN_OBJC_LITERAL_CONVERSION = YES;
				CLANG_WARN_OBJC_ROOT_CLASS = YES_ERROR;
				CLANG_WARN_QUOTED_INCLUDE_IN_FRAMEWORK_HEADER = YES;
				CLANG_WARN_RANGE_LOOP_ANALYSIS = YES;
				CLANG_WARN_STRICT_PROTOTYPES = YES;
				CLANG_WARN_SUSPICIOUS_MOVE = YES;
				CLANG_WARN_UNGUARDED_AVAILABILITY = YES_AGGRESSIVE;
				CLANG_WARN_UNREACHABLE_CODE = YES;
				CLANG_WARN__DUPLICATE_METHOD_MATCH = YES;
				COPY_PHASE_STRIP = NO;
				DEBUG_INFORMATION_FORMAT = "dwarf-with-dsym";
				ENABLE_NS_ASSERTIONS = NO;
				ENABLE_STRICT_OBJC_MSGSEND = YES;
				ENABLE_USER_SCRIPT_SANDBOXING = YES;
				GCC_C_LANGUAGE_STANDARD = gnu17;
				GCC_NO_COMMON_BLOCKS = YES;
				GCC_WARN_64_TO_32_BIT_CONVERSION = YES;
				GCC_WARN_ABOUT_RETURN_TYPE = YES_ERROR;
				GCC_WARN_UNDECLARED_SELECTOR = YES;
				GCC_WARN_UNINITIALIZED_AUTOS = YES_AGGRESSIVE;
				GCC_WARN_UNUSED_FUNCTION = YES;
				GCC_WARN_UNUSED_VARIABLE = YES;
				IPHONEOS_DEPLOYMENT_TARGET = 17.0;
				LOCALIZATION_PREFERS_STRING_CATALOGS = YES;
				MTL_ENABLE_DEBUG_INFO = NO;
				MTL_FAST_MATH = YES;
				SDKROOT = iphoneos;
				SWIFT_COMPILATION_MODE = wholemodule;
				VALIDATE_PRODUCT = YES;
			};
			name = Release;
		};
		A6A719282B2242240012BF1D /* Debug */ = {
			isa = XCBuildConfiguration;
			buildSettings = {
				ASSETCATALOG_COMPILER_APPICON_NAME = AppIcon;
				ASSETCATALOG_COMPILER_GLOBAL_ACCENT_COLOR_NAME = AccentColor;
				CODE_SIGN_STYLE = Automatic;
				CURRENT_PROJECT_VERSION = 1;
				DEVELOPMENT_TEAM = W3TY993H9U;
				GENERATE_INFOPLIST_FILE = YES;
				INFOPLIST_FILE = tst/Info.plist;
				INFOPLIST_KEY_UIApplicationSupportsIndirectInputEvents = YES;
				INFOPLIST_KEY_UILaunchStoryboardName = LaunchScreen;
				INFOPLIST_KEY_UIMainStoryboardFile = Main;
				INFOPLIST_KEY_UISupportedInterfaceOrientations_iPad = "UIInterfaceOrientationPortrait UIInterfaceOrientationPortraitUpsideDown UIInterfaceOrientationLandscapeLeft UIInterfaceOrientationLandscapeRight";
				INFOPLIST_KEY_UISupportedInterfaceOrientations_iPhone = "UIInterfaceOrientationPortrait UIInterfaceOrientationLandscapeLeft UIInterfaceOrientationLandscapeRight";
				LD_RUNPATH_SEARCH_PATHS = (
					"$(inherited)",
					"@executable_path/Frameworks",
				);
				MARKETING_VERSION = 1.0;
				PRODUCT_BUNDLE_IDENTIFIER = com.th7bodylabs.app;
				PRODUCT_NAME = "$(TARGET_NAME)";
				SWIFT_EMIT_LOC_STRINGS = YES;
				SWIFT_VERSION = 5.0;
				TARGETED_DEVICE_FAMILY = "1,2";
			};
			name = Debug;
		};
		A6A719292B2242240012BF1D /* Release */ = {
			isa = XCBuildConfiguration;
			buildSettings = {
				ASSETCATALOG_COMPILER_APPICON_NAME = AppIcon;
				ASSETCATALOG_COMPILER_GLOBAL_ACCENT_COLOR_NAME = AccentColor;
				CODE_SIGN_STYLE = Automatic;
				CURRENT_PROJECT_VERSION = 1;
				DEVELOPMENT_TEAM = W3TY993H9U;
				GENERATE_INFOPLIST_FILE = YES;
				INFOPLIST_FILE = tst/Info.plist;
				INFOPLIST_KEY_UIApplicationSupportsIndirectInputEvents = YES;
				INFOPLIST_KEY_UILaunchStoryboardName = LaunchScreen;
				INFOPLIST_KEY_UIMainStoryboardFile = Main;
				INFOPLIST_KEY_UISupportedInterfaceOrientations_iPad = "UIInterfaceOrientationPortrait UIInterfaceOrientationPortraitUpsideDown UIInterfaceOrientationLandscapeLeft UIInterfaceOrientationLandscapeRight";
				INFOPLIST_KEY_UISupportedInterfaceOrientations_iPhone = "UIInterfaceOrientationPortrait UIInterfaceOrientationLandscapeLeft UIInterfaceOrientationLandscapeRight";
				LD_RUNPATH_SEARCH_PATHS = (
					"$(inherited)",
					"@executable_path/Frameworks",
				);
				MARKETING_VERSION = 1.0;
				PRODUCT_BUNDLE_IDENTIFIER = com.th7bodylabs.app;
				PRODUCT_NAME = "$(TARGET_NAME)";
				SWIFT_EMIT_LOC_STRINGS = YES;
				SWIFT_VERSION = 5.0;
				TARGETED_DEVICE_FAMILY = "1,2";
			};
			name = Release;
		};
		A6A7192B2B2242240012BF1D /* Debug */ = {
			isa = XCBuildConfiguration;
			buildSettings = {
				ALWAYS_EMBED_SWIFT_STANDARD_LIBRARIES = YES;
				BUNDLE_LOADER = "$(TEST_HOST)";
				CODE_SIGN_STYLE = Automatic;
				CURRENT_PROJECT_VERSION = 1;
				GENERATE_INFOPLIST_FILE = YES;
				IPHONEOS_DEPLOYMENT_TARGET = 17.0;
				MARKETING_VERSION = 1.0;
				PRODUCT_BUNDLE_IDENTIFIER = com.wegile.demo.tstTests;
				PRODUCT_NAME = "$(TARGET_NAME)";
				SWIFT_EMIT_LOC_STRINGS = NO;
				SWIFT_VERSION = 5.0;
				TARGETED_DEVICE_FAMILY = "1,2";
				TEST_HOST = "$(BUILT_PRODUCTS_DIR)/tst.app/$(BUNDLE_EXECUTABLE_FOLDER_PATH)/tst";
			};
			name = Debug;
		};
		A6A7192C2B2242240012BF1D /* Release */ = {
			isa = XCBuildConfiguration;
			buildSettings = {
				ALWAYS_EMBED_SWIFT_STANDARD_LIBRARIES = YES;
				BUNDLE_LOADER = "$(TEST_HOST)";
				CODE_SIGN_STYLE = Automatic;
				CURRENT_PROJECT_VERSION = 1;
				GENERATE_INFOPLIST_FILE = YES;
				IPHONEOS_DEPLOYMENT_TARGET = 17.0;
				MARKETING_VERSION = 1.0;
				PRODUCT_BUNDLE_IDENTIFIER = com.wegile.demo.tstTests;
				PRODUCT_NAME = "$(TARGET_NAME)";
				SWIFT_EMIT_LOC_STRINGS = NO;
				SWIFT_VERSION = 5.0;
				TARGETED_DEVICE_FAMILY = "1,2";
				TEST_HOST = "$(BUILT_PRODUCTS_DIR)/tst.app/$(BUNDLE_EXECUTABLE_FOLDER_PATH)/tst";
			};
			name = Release;
		};
		A6A7192E2B2242240012BF1D /* Debug */ = {
			isa = XCBuildConfiguration;
			buildSettings = {
				ALWAYS_EMBED_SWIFT_STANDARD_LIBRARIES = YES;
				CODE_SIGN_STYLE = Automatic;
				CURRENT_PROJECT_VERSION = 1;
				GENERATE_INFOPLIST_FILE = YES;
				MARKETING_VERSION = 1.0;
				PRODUCT_BUNDLE_IDENTIFIER = com.wegile.demo.tstUITests;
				PRODUCT_NAME = "$(TARGET_NAME)";
				SWIFT_EMIT_LOC_STRINGS = NO;
				SWIFT_VERSION = 5.0;
				TARGETED_DEVICE_FAMILY = "1,2";
				TEST_TARGET_NAME = tst;
			};
			name = Debug;
		};
		A6A7192F2B2242240012BF1D /* Release */ = {
			isa = XCBuildConfiguration;
			buildSettings = {
				ALWAYS_EMBED_SWIFT_STANDARD_LIBRARIES = YES;
				CODE_SIGN_STYLE = Automatic;
				CURRENT_PROJECT_VERSION = 1;
				GENERATE_INFOPLIST_FILE = YES;
				MARKETING_VERSION = 1.0;
				PRODUCT_BUNDLE_IDENTIFIER = com.wegile.demo.tstUITests;
				PRODUCT_NAME = "$(TARGET_NAME)";
				SWIFT_EMIT_LOC_STRINGS = NO;
				SWIFT_VERSION = 5.0;
				TARGETED_DEVICE_FAMILY = "1,2";
				TEST_TARGET_NAME = tst;
			};
			name = Release;
		};
/* End XCBuildConfiguration section */

/* Begin XCConfigurationList section */
		A6A718F82B2242230012BF1D /* Build configuration list for PBXProject "tst" */ = {
			isa = XCConfigurationList;
			buildConfigurations = (
				A6A719252B2242240012BF1D /* Debug */,
				A6A719262B2242240012BF1D /* Release */,
			);
			defaultConfigurationIsVisible = 0;
			defaultConfigurationName = Release;
		};
		A6A719272B2242240012BF1D /* Build configuration list for PBXNativeTarget "tst" */ = {
			isa = XCConfigurationList;
			buildConfigurations = (
				A6A719282B2242240012BF1D /* Debug */,
				A6A719292B2242240012BF1D /* Release */,
			);
			defaultConfigurationIsVisible = 0;
			defaultConfigurationName = Release;
		};
		A6A7192A2B2242240012BF1D /* Build configuration list for PBXNativeTarget "tstTests" */ = {
			isa = XCConfigurationList;
			buildConfigurations = (
				A6A7192B2B2242240012BF1D /* Debug */,
				A6A7192C2B2242240012BF1D /* Release */,
			);
			defaultConfigurationIsVisible = 0;
			defaultConfigurationName = Release;
		};
		A6A7192D2B2242240012BF1D /* Build configuration list for PBXNativeTarget "tstUITests" */ = {
			isa = XCConfigurationList;
			buildConfigurations = (
				A6A7192E2B2242240012BF1D /* Debug */,
				A6A7192F2B2242240012BF1D /* Release */,
			);
			defaultConfigurationIsVisible = 0;
			defaultConfigurationName = Release;
		};
/* End XCConfigurationList section */
	};
	rootObject = A6A718F52B2242230012BF1D /* Project object */;
}
