// !$*UTF8*$!
{
	archiveVersion = 1;
	classes = {
	};
	objectVersion = 56;
	objects = {

/* Begin PBXBuildFile section */
		A6C9541D2B2098AF00B70D7E /* AppDelegate.swift in Sources */ = {isa = PBXBuildFile; fileRef = A6C9541C2B2098AF00B70D7E /* AppDelegate.swift */; };
		A6C9541F2B2098AF00B70D7E /* SceneDelegate.swift in Sources */ = {isa = PBXBuildFile; fileRef = A6C9541E2B2098AF00B70D7E /* SceneDelegate.swift */; };
		A6C954212B2098AF00B70D7E /* ViewController.swift in Sources */ = {isa = PBXBuildFile; fileRef = A6C954202B2098AF00B70D7E /* ViewController.swift */; };
		A6C954242B2098AF00B70D7E /* Main.storyboard in Resources */ = {isa = PBXBuildFile; fileRef = A6C954222B2098AF00B70D7E /* Main.storyboard */; };
		A6C954262B2098B100B70D7E /* Assets.xcassets in Resources */ = {isa = PBXBuildFile; fileRef = A6C954252B2098B100B70D7E /* Assets.xcassets */; };
		A6C954292B2098B100B70D7E /* LaunchScreen.storyboard in Resources */ = {isa = PBXBuildFile; fileRef = A6C954272B2098B100B70D7E /* LaunchScreen.storyboard */; };
		A6C954342B2098B100B70D7E /* ProblemSolvingTasksTests.swift in Sources */ = {isa = PBXBuildFile; fileRef = A6C954332B2098B100B70D7E /* ProblemSolvingTasksTests.swift */; };
		A6C9543E2B2098B100B70D7E /* ProblemSolvingTasksUITests.swift in Sources */ = {isa = PBXBuildFile; fileRef = A6C9543D2B2098B100B70D7E /* ProblemSolvingTasksUITests.swift */; };
		A6C954402B2098B100B70D7E /* ProblemSolvingTasksUITestsLaunchTests.swift in Sources */ = {isa = PBXBuildFile; fileRef = A6C9543F2B2098B100B70D7E /* ProblemSolvingTasksUITestsLaunchTests.swift */; };
/* End PBXBuildFile section */

/* Begin PBXContainerItemProxy section */
		A6C954302B2098B100B70D7E /* PBXContainerItemProxy */ = {
			isa = PBXContainerItemProxy;
			containerPortal = A6C954112B2098AF00B70D7E /* Project object */;
			proxyType = 1;
			remoteGlobalIDString = A6C954182B2098AF00B70D7E;
			remoteInfo = ProblemSolvingTasks;
		};
		A6C9543A2B2098B100B70D7E /* PBXContainerItemProxy */ = {
			isa = PBXContainerItemProxy;
			containerPortal = A6C954112B2098AF00B70D7E /* Project object */;
			proxyType = 1;
			remoteGlobalIDString = A6C954182B2098AF00B70D7E;
			remoteInfo = ProblemSolvingTasks;
		};
/* End PBXContainerItemProxy section */

/* Begin PBXFileReference section */
		A6C954192B2098AF00B70D7E /* ProblemSolvingTasks.app */ = {isa = PBXFileReference; explicitFileType = wrapper.application; includeInIndex = 0; path = ProblemSolvingTasks.app; sourceTree = BUILT_PRODUCTS_DIR; };
		A6C9541C2B2098AF00B70D7E /* AppDelegate.swift */ = {isa = PBXFileReference; lastKnownFileType = sourcecode.swift; path = AppDelegate.swift; sourceTree = "<group>"; };
		A6C9541E2B2098AF00B70D7E /* SceneDelegate.swift */ = {isa = PBXFileReference; lastKnownFileType = sourcecode.swift; path = SceneDelegate.swift; sourceTree = "<group>"; };
		A6C954202B2098AF00B70D7E /* ViewController.swift */ = {isa = PBXFileReference; lastKnownFileType = sourcecode.swift; path = ViewController.swift; sourceTree = "<group>"; };
		A6C954232B2098AF00B70D7E /* Base */ = {isa = PBXFileReference; lastKnownFileType = file.storyboard; name = Base; path = Base.lproj/Main.storyboard; sourceTree = "<group>"; };
		A6C954252B2098B100B70D7E /* Assets.xcassets */ = {isa = PBXFileReference; lastKnownFileType = folder.assetcatalog; path = Assets.xcassets; sourceTree = "<group>"; };
		A6C954282B2098B100B70D7E /* Base */ = {isa = PBXFileReference; lastKnownFileType = file.storyboard; name = Base; path = Base.lproj/LaunchScreen.storyboard; sourceTree = "<group>"; };
		A6C9542A2B2098B100B70D7E /* Info.plist */ = {isa = PBXFileReference; lastKnownFileType = text.plist.xml; path = Info.plist; sourceTree = "<group>"; };
		A6C9542F2B2098B100B70D7E /* ProblemSolvingTasksTests.xctest */ = {isa = PBXFileReference; explicitFileType = wrapper.cfbundle; includeInIndex = 0; path = ProblemSolvingTasksTests.xctest; sourceTree = BUILT_PRODUCTS_DIR; };
		A6C954332B2098B100B70D7E /* ProblemSolvingTasksTests.swift */ = {isa = PBXFileReference; lastKnownFileType = sourcecode.swift; path = ProblemSolvingTasksTests.swift; sourceTree = "<group>"; };
		A6C954392B2098B100B70D7E /* ProblemSolvingTasksUITests.xctest */ = {isa = PBXFileReference; explicitFileType = wrapper.cfbundle; includeInIndex = 0; path = ProblemSolvingTasksUITests.xctest; sourceTree = BUILT_PRODUCTS_DIR; };
		A6C9543D2B2098B100B70D7E /* ProblemSolvingTasksUITests.swift */ = {isa = PBXFileReference; lastKnownFileType = sourcecode.swift; path = ProblemSolvingTasksUITests.swift; sourceTree = "<group>"; };
		A6C9543F2B2098B100B70D7E /* ProblemSolvingTasksUITestsLaunchTests.swift */ = {isa = PBXFileReference; lastKnownFileType = sourcecode.swift; path = ProblemSolvingTasksUITestsLaunchTests.swift; sourceTree = "<group>"; };
/* End PBXFileReference section */

/* Begin PBXFrameworksBuildPhase section */
		A6C954162B2098AF00B70D7E /* Frameworks */ = {
			isa = PBXFrameworksBuildPhase;
			buildActionMask = 2147483647;
			files = (
			);
			runOnlyForDeploymentPostprocessing = 0;
		};
		A6C9542C2B2098B100B70D7E /* Frameworks */ = {
			isa = PBXFrameworksBuildPhase;
			buildActionMask = 2147483647;
			files = (
			);
			runOnlyForDeploymentPostprocessing = 0;
		};
		A6C954362B2098B100B70D7E /* Frameworks */ = {
			isa = PBXFrameworksBuildPhase;
			buildActionMask = 2147483647;
			files = (
			);
			runOnlyForDeploymentPostprocessing = 0;
		};
/* End PBXFrameworksBuildPhase section */

/* Begin PBXGroup section */
		A6C954102B2098AF00B70D7E = {
			isa = PBXGroup;
			children = (
				A6C9541B2B2098AF00B70D7E /* ProblemSolvingTasks */,
				A6C954322B2098B100B70D7E /* ProblemSolvingTasksTests */,
				A6C9543C2B2098B100B70D7E /* ProblemSolvingTasksUITests */,
				A6C9541A2B2098AF00B70D7E /* Products */,
			);
			sourceTree = "<group>";
		};
		A6C9541A2B2098AF00B70D7E /* Products */ = {
			isa = PBXGroup;
			children = (
				A6C954192B2098AF00B70D7E /* ProblemSolvingTasks.app */,
				A6C9542F2B2098B100B70D7E /* ProblemSolvingTasksTests.xctest */,
				A6C954392B2098B100B70D7E /* ProblemSolvingTasksUITests.xctest */,
			);
			name = Products;
			sourceTree = "<group>";
		};
		A6C9541B2B2098AF00B70D7E /* ProblemSolvingTasks */ = {
			isa = PBXGroup;
			children = (
				A6C9541C2B2098AF00B70D7E /* AppDelegate.swift */,
				A6C9541E2B2098AF00B70D7E /* SceneDelegate.swift */,
				A6C954202B2098AF00B70D7E /* ViewController.swift */,
				A6C954222B2098AF00B70D7E /* Main.storyboard */,
				A6C954252B2098B100B70D7E /* Assets.xcassets */,
				A6C954272B2098B100B70D7E /* LaunchScreen.storyboard */,
				A6C9542A2B2098B100B70D7E /* Info.plist */,
			);
			path = ProblemSolvingTasks;
			sourceTree = "<group>";
		};
		A6C954322B2098B100B70D7E /* ProblemSolvingTasksTests */ = {
			isa = PBXGroup;
			children = (
				A6C954332B2098B100B70D7E /* ProblemSolvingTasksTests.swift */,
			);
			path = ProblemSolvingTasksTests;
			sourceTree = "<group>";
		};
		A6C9543C2B2098B100B70D7E /* ProblemSolvingTasksUITests */ = {
			isa = PBXGroup;
			children = (
				A6C9543D2B2098B100B70D7E /* ProblemSolvingTasksUITests.swift */,
				A6C9543F2B2098B100B70D7E /* ProblemSolvingTasksUITestsLaunchTests.swift */,
			);
			path = ProblemSolvingTasksUITests;
			sourceTree = "<group>";
		};
/* End PBXGroup section */

/* Begin PBXNativeTarget section */
		A6C954182B2098AF00B70D7E /* ProblemSolvingTasks */ = {
			isa = PBXNativeTarget;
			buildConfigurationList = A6C954432B2098B100B70D7E /* Build configuration list for PBXNativeTarget "ProblemSolvingTasks" */;
			buildPhases = (
				A6C954152B2098AF00B70D7E /* Sources */,
				A6C954162B2098AF00B70D7E /* Frameworks */,
				A6C954172B2098AF00B70D7E /* Resources */,
			);
			buildRules = (
			);
			dependencies = (
			);
			name = ProblemSolvingTasks;
			productName = ProblemSolvingTasks;
			productReference = A6C954192B2098AF00B70D7E /* ProblemSolvingTasks.app */;
			productType = "com.apple.product-type.application";
		};
		A6C9542E2B2098B100B70D7E /* ProblemSolvingTasksTests */ = {
			isa = PBXNativeTarget;
			buildConfigurationList = A6C954462B2098B100B70D7E /* Build configuration list for PBXNativeTarget "ProblemSolvingTasksTests" */;
			buildPhases = (
				A6C9542B2B2098B100B70D7E /* Sources */,
				A6C9542C2B2098B100B70D7E /* Frameworks */,
				A6C9542D2B2098B100B70D7E /* Resources */,
			);
			buildRules = (
			);
			dependencies = (
				A6C954312B2098B100B70D7E /* PBXTargetDependency */,
			);
			name = ProblemSolvingTasksTests;
			productName = ProblemSolvingTasksTests;
			productReference = A6C9542F2B2098B100B70D7E /* ProblemSolvingTasksTests.xctest */;
			productType = "com.apple.product-type.bundle.unit-test";
		};
		A6C954382B2098B100B70D7E /* ProblemSolvingTasksUITests */ = {
			isa = PBXNativeTarget;
			buildConfigurationList = A6C954492B2098B100B70D7E /* Build configuration list for PBXNativeTarget "ProblemSolvingTasksUITests" */;
			buildPhases = (
				A6C954352B2098B100B70D7E /* Sources */,
				A6C954362B2098B100B70D7E /* Frameworks */,
				A6C954372B2098B100B70D7E /* Resources */,
			);
			buildRules = (
			);
			dependencies = (
				A6C9543B2B2098B100B70D7E /* PBXTargetDependency */,
			);
			name = ProblemSolvingTasksUITests;
			productName = ProblemSolvingTasksUITests;
			productReference = A6C954392B2098B100B70D7E /* ProblemSolvingTasksUITests.xctest */;
			productType = "com.apple.product-type.bundle.ui-testing";
		};
/* End PBXNativeTarget section */

/* Begin PBXProject section */
		A6C954112B2098AF00B70D7E /* Project object */ = {
			isa = PBXProject;
			attributes = {
				BuildIndependentTargetsInParallel = 1;
				LastSwiftUpdateCheck = 1500;
				LastUpgradeCheck = 1500;
				TargetAttributes = {
					A6C954182B2098AF00B70D7E = {
						CreatedOnToolsVersion = 15.0.1;
					};
					A6C9542E2B2098B100B70D7E = {
						CreatedOnToolsVersion = 15.0.1;
						TestTargetID = A6C954182B2098AF00B70D7E;
					};
					A6C954382B2098B100B70D7E = {
						CreatedOnToolsVersion = 15.0.1;
						TestTargetID = A6C954182B2098AF00B70D7E;
					};
				};
			};
			buildConfigurationList = A6C954142B2098AF00B70D7E /* Build configuration list for PBXProject "ProblemSolvingTasks" */;
			compatibilityVersion = "Xcode 14.0";
			developmentRegion = en;
			hasScannedForEncodings = 0;
			knownRegions = (
				en,
				Base,
			);
			mainGroup = A6C954102B2098AF00B70D7E;
			productRefGroup = A6C9541A2B2098AF00B70D7E /* Products */;
			projectDirPath = "";
			projectRoot = "";
			targets = (
				A6C954182B2098AF00B70D7E /* ProblemSolvingTasks */,
				A6C9542E2B2098B100B70D7E /* ProblemSolvingTasksTests */,
				A6C954382B2098B100B70D7E /* ProblemSolvingTasksUITests */,
			);
		};
/* End PBXProject section */

/* Begin PBXResourcesBuildPhase section */
		A6C954172B2098AF00B70D7E /* Resources */ = {
			isa = PBXResourcesBuildPhase;
			buildActionMask = 2147483647;
			files = (
				A6C954292B2098B100B70D7E /* LaunchScreen.storyboard in Resources */,
				A6C954262B2098B100B70D7E /* Assets.xcassets in Resources */,
				A6C954242B2098AF00B70D7E /* Main.storyboard in Resources */,
			);
			runOnlyForDeploymentPostprocessing = 0;
		};
		A6C9542D2B2098B100B70D7E /* Resources */ = {
			isa = PBXResourcesBuildPhase;
			buildActionMask = 2147483647;
			files = (
			);
			runOnlyForDeploymentPostprocessing = 0;
		};
		A6C954372B2098B100B70D7E /* Resources */ = {
			isa = PBXResourcesBuildPhase;
			buildActionMask = 2147483647;
			files = (
			);
			runOnlyForDeploymentPostprocessing = 0;
		};
/* End PBXResourcesBuildPhase section */

/* Begin PBXSourcesBuildPhase section */
		A6C954152B2098AF00B70D7E /* Sources */ = {
			isa = PBXSourcesBuildPhase;
			buildActionMask = 2147483647;
			files = (
				A6C954212B2098AF00B70D7E /* ViewController.swift in Sources */,
				A6C9541D2B2098AF00B70D7E /* AppDelegate.swift in Sources */,
				A6C9541F2B2098AF00B70D7E /* SceneDelegate.swift in Sources */,
			);
			runOnlyForDeploymentPostprocessing = 0;
		};
		A6C9542B2B2098B100B70D7E /* Sources */ = {
			isa = PBXSourcesBuildPhase;
			buildActionMask = 2147483647;
			files = (
				A6C954342B2098B100B70D7E /* ProblemSolvingTasksTests.swift in Sources */,
			);
			runOnlyForDeploymentPostprocessing = 0;
		};
		A6C954352B2098B100B70D7E /* Sources */ = {
			isa = PBXSourcesBuildPhase;
			buildActionMask = 2147483647;
			files = (
				A6C954402B2098B100B70D7E /* ProblemSolvingTasksUITestsLaunchTests.swift in Sources */,
				A6C9543E2B2098B100B70D7E /* ProblemSolvingTasksUITests.swift in Sources */,
			);
			runOnlyForDeploymentPostprocessing = 0;
		};
/* End PBXSourcesBuildPhase section */

/* Begin PBXTargetDependency section */
		A6C954312B2098B100B70D7E /* PBXTargetDependency */ = {
			isa = PBXTargetDependency;
			target = A6C954182B2098AF00B70D7E /* ProblemSolvingTasks */;
			targetProxy = A6C954302B2098B100B70D7E /* PBXContainerItemProxy */;
		};
		A6C9543B2B2098B100B70D7E /* PBXTargetDependency */ = {
			isa = PBXTargetDependency;
			target = A6C954182B2098AF00B70D7E /* ProblemSolvingTasks */;
			targetProxy = A6C9543A2B2098B100B70D7E /* PBXContainerItemProxy */;
		};
/* End PBXTargetDependency section */

/* Begin PBXVariantGroup section */
		A6C954222B2098AF00B70D7E /* Main.storyboard */ = {
			isa = PBXVariantGroup;
			children = (
				A6C954232B2098AF00B70D7E /* Base */,
			);
			name = Main.storyboard;
			sourceTree = "<group>";
		};
		A6C954272B2098B100B70D7E /* LaunchScreen.storyboard */ = {
			isa = PBXVariantGroup;
			children = (
				A6C954282B2098B100B70D7E /* Base */,
			);
			name = LaunchScreen.storyboard;
			sourceTree = "<group>";
		};
/* End PBXVariantGroup section */

/* Begin XCBuildConfiguration section */
		A6C954412B2098B100B70D7E /* Debug */ = {
			isa = XCBuildConfiguration;
			buildSettings = {
				ALWAYS_SEARCH_USER_PATHS = NO;
				ASSETCATALOG_COMPILER_GENERATE_SWIFT_ASSET_SYMBOL_EXTENSIONS = YES;
				CLANG_ANALYZER_NONNULL = YES;
				CLANG_ANALYZER_NUMBER_OBJECT_CONVERSION = YES_AGGRESSIVE;
				CLANG_CXX_LANGUAGE_STANDARD = "gnu++20";
				CLANG_ENABLE_MODULES = YES;
				CLANG_ENABLE_OBJC_ARC = YES;
				CLANG_ENABLE_OBJC_WEAK = YES;
				CLANG_WARN_BLOCK_CAPTURE_AUTORELEASING = YES;
				CLANG_WARN_BOOL_CONVERSION = YES;
				CLANG_WARN_COMMA = YES;
				CLANG_WARN_CONSTANT_CONVERSION = YES;
				CLANG_WARN_DEPRECATED_OBJC_IMPLEMENTATIONS = YES;
				CLANG_WARN_DIRECT_OBJC_ISA_USAGE = YES_ERROR;
				CLANG_WARN_DOCUMENTATION_COMMENTS = YES;
				CLANG_WARN_EMPTY_BODY = YES;
				CLANG_WARN_ENUM_CONVERSION = YES;
				CLANG_WARN_INFINITE_RECURSION = YES;
				CLANG_WARN_INT_CONVERSION = YES;
				CLANG_WARN_NON_LITERAL_NULL_CONVERSION = YES;
				CLANG_WARN_OBJC_IMPLICIT_RETAIN_SELF = YES;
				CLANG_WARN_OBJC_LITERAL_CONVERSION = YES;
				CLANG_WARN_OBJC_ROOT_CLASS = YES_ERROR;
				CLANG_WARN_QUOTED_INCLUDE_IN_FRAMEWORK_HEADER = YES;
				CLANG_WARN_RANGE_LOOP_ANALYSIS = YES;
				CLANG_WARN_STRICT_PROTOTYPES = YES;
				CLANG_WARN_SUSPICIOUS_MOVE = YES;
				CLANG_WARN_UNGUARDED_AVAILABILITY = YES_AGGRESSIVE;
				CLANG_WARN_UNREACHABLE_CODE = YES;
				CLANG_WARN__DUPLICATE_METHOD_MATCH = YES;
				COPY_PHASE_STRIP = NO;
				DEBUG_INFORMATION_FORMAT = dwarf;
				ENABLE_STRICT_OBJC_MSGSEND = YES;
				ENABLE_TESTABILITY = YES;
				ENABLE_USER_SCRIPT_SANDBOXING = YES;
				GCC_C_LANGUAGE_STANDARD = gnu17;
				GCC_DYNAMIC_NO_PIC = NO;
				GCC_NO_COMMON_BLOCKS = YES;
				GCC_OPTIMIZATION_LEVEL = 0;
				GCC_PREPROCESSOR_DEFINITIONS = (
					"DEBUG=1",
					"$(inherited)",
				);
				GCC_WARN_64_TO_32_BIT_CONVERSION = YES;
				GCC_WARN_ABOUT_RETURN_TYPE = YES_ERROR;
				GCC_WARN_UNDECLARED_SELECTOR = YES;
				GCC_WARN_UNINITIALIZED_AUTOS = YES_AGGRESSIVE;
				GCC_WARN_UNUSED_FUNCTION = YES;
				GCC_WARN_UNUSED_VARIABLE = YES;
				IPHONEOS_DEPLOYMENT_TARGET = 17.0;
				LOCALIZATION_PREFERS_STRING_CATALOGS = YES;
				MTL_ENABLE_DEBUG_INFO = INCLUDE_SOURCE;
				MTL_FAST_MATH = YES;
				ONLY_ACTIVE_ARCH = YES;
				SDKROOT = iphoneos;
				SWIFT_ACTIVE_COMPILATION_CONDITIONS = "DEBUG $(inherited)";
				SWIFT_OPTIMIZATION_LEVEL = "-Onone";
			};
			name = Debug;
		};
		A6C954422B2098B100B70D7E /* Release */ = {
			isa = XCBuildConfiguration;
			buildSettings = {
				ALWAYS_SEARCH_USER_PATHS = NO;
				ASSETCATALOG_COMPILER_GENERATE_SWIFT_ASSET_SYMBOL_EXTENSIONS = YES;
				CLANG_ANALYZER_NONNULL = YES;
				CLANG_ANALYZER_NUMBER_OBJECT_CONVERSION = YES_AGGRESSIVE;
				CLANG_CXX_LANGUAGE_STANDARD = "gnu++20";
				CLANG_ENABLE_MODULES = YES;
				CLANG_ENABLE_OBJC_ARC = YES;
				CLANG_ENABLE_OBJC_WEAK = YES;
				CLANG_WARN_BLOCK_CAPTURE_AUTORELEASING = YES;
				CLANG_WARN_BOOL_CONVERSION = YES;
				CLANG_WARN_COMMA = YES;
				CLANG_WARN_CONSTANT_CONVERSION = YES;
				CLANG_WARN_DEPRECATED_OBJC_IMPLEMENTATIONS = YES;
				CLANG_WARN_DIRECT_OBJC_ISA_USAGE = YES_ERROR;
				CLANG_WARN_DOCUMENTATION_COMMENTS = YES;
				CLANG_WARN_EMPTY_BODY = YES;
				CLANG_WARN_ENUM_CONVERSION = YES;
				CLANG_WARN_INFINITE_RECURSION = YES;
				CLANG_WARN_INT_CONVERSION = YES;
				CLANG_WARN_NON_LITERAL_NULL_CONVERSION = YES;
				CLANG_WARN_OBJC_IMPLICIT_RETAIN_SELF = YES;
				CLANG_WARN_OBJC_LITERAL_CONVERSION = YES;
				CLANG_WARN_OBJC_ROOT_CLASS = YES_ERROR;
				CLANG_WARN_QUOTED_INCLUDE_IN_FRAMEWORK_HEADER = YES;
				CLANG_WARN_RANGE_LOOP_ANALYSIS = YES;
				CLANG_WARN_STRICT_PROTOTYPES = YES;
				CLANG_WARN_SUSPICIOUS_MOVE = YES;
				CLANG_WARN_UNGUARDED_AVAILABILITY = YES_AGGRESSIVE;
				CLANG_WARN_UNREACHABLE_CODE = YES;
				CLANG_WARN__DUPLICATE_METHOD_MATCH = YES;
				COPY_PHASE_STRIP = NO;
				DEBUG_INFORMATION_FORMAT = "dwarf-with-dsym";
				ENABLE_NS_ASSERTIONS = NO;
				ENABLE_STRICT_OBJC_MSGSEND = YES;
				ENABLE_USER_SCRIPT_SANDBOXING = YES;
				GCC_C_LANGUAGE_STANDARD = gnu17;
				GCC_NO_COMMON_BLOCKS = YES;
				GCC_WARN_64_TO_32_BIT_CONVERSION = YES;
				GCC_WARN_ABOUT_RETURN_TYPE = YES_ERROR;
				GCC_WARN_UNDECLARED_SELECTOR = YES;
				GCC_WARN_UNINITIALIZED_AUTOS = YES_AGGRESSIVE;
				GCC_WARN_UNUSED_FUNCTION = YES;
				GCC_WARN_UNUSED_VARIABLE = YES;
				IPHONEOS_DEPLOYMENT_TARGET = 17.0;
				LOCALIZATION_PREFERS_STRING_CATALOGS = YES;
				MTL_ENABLE_DEBUG_INFO = NO;
				MTL_FAST_MATH = YES;
				SDKROOT = iphoneos;
				SWIFT_COMPILATION_MODE = wholemodule;
				VALIDATE_PRODUCT = YES;
			};
			name = Release;
		};
		A6C954442B2098B100B70D7E /* Debug */ = {
			isa = XCBuildConfiguration;
			buildSettings = {
				ASSETCATALOG_COMPILER_APPICON_NAME = AppIcon;
				ASSETCATALOG_COMPILER_GLOBAL_ACCENT_COLOR_NAME = AccentColor;
				CODE_SIGN_STYLE = Automatic;
				CURRENT_PROJECT_VERSION = 1;
				GENERATE_INFOPLIST_FILE = YES;
				INFOPLIST_FILE = ProblemSolvingTasks/Info.plist;
				INFOPLIST_KEY_UIApplicationSupportsIndirectInputEvents = YES;
				INFOPLIST_KEY_UILaunchStoryboardName = LaunchScreen;
				INFOPLIST_KEY_UIMainStoryboardFile = Main;
				INFOPLIST_KEY_UISupportedInterfaceOrientations_iPad = "UIInterfaceOrientationPortrait UIInterfaceOrientationPortraitUpsideDown UIInterfaceOrientationLandscapeLeft UIInterfaceOrientationLandscapeRight";
				INFOPLIST_KEY_UISupportedInterfaceOrientations_iPhone = "UIInterfaceOrientationPortrait UIInterfaceOrientationLandscapeLeft UIInterfaceOrientationLandscapeRight";
				LD_RUNPATH_SEARCH_PATHS = (
					"$(inherited)",
					"@executable_path/Frameworks",
				);
				MARKETING_VERSION = 1.0;
				PRODUCT_BUNDLE_IDENTIFIER = com.wegile.demo.ProblemSolvingTasks;
				PRODUCT_NAME = "$(TARGET_NAME)";
				SWIFT_EMIT_LOC_STRINGS = YES;
				SWIFT_VERSION = 5.0;
				TARGETED_DEVICE_FAMILY = "1,2";
			};
			name = Debug;
		};
		A6C954452B2098B100B70D7E /* Release */ = {
			isa = XCBuildConfiguration;
			buildSettings = {
				ASSETCATALOG_COMPILER_APPICON_NAME = AppIcon;
				ASSETCATALOG_COMPILER_GLOBAL_ACCENT_COLOR_NAME = AccentColor;
				CODE_SIGN_STYLE = Automatic;
				CURRENT_PROJECT_VERSION = 1;
				GENERATE_INFOPLIST_FILE = YES;
				INFOPLIST_FILE = ProblemSolvingTasks/Info.plist;
				INFOPLIST_KEY_UIApplicationSupportsIndirectInputEvents = YES;
				INFOPLIST_KEY_UILaunchStoryboardName = LaunchScreen;
				INFOPLIST_KEY_UIMainStoryboardFile = Main;
				INFOPLIST_KEY_UISupportedInterfaceOrientations_iPad = "UIInterfaceOrientationPortrait UIInterfaceOrientationPortraitUpsideDown UIInterfaceOrientationLandscapeLeft UIInterfaceOrientationLandscapeRight";
				INFOPLIST_KEY_UISupportedInterfaceOrientations_iPhone = "UIInterfaceOrientationPortrait UIInterfaceOrientationLandscapeLeft UIInterfaceOrientationLandscapeRight";
				LD_RUNPATH_SEARCH_PATHS = (
					"$(inherited)",
					"@executable_path/Frameworks",
				);
				MARKETING_VERSION = 1.0;
				PRODUCT_BUNDLE_IDENTIFIER = com.wegile.demo.ProblemSolvingTasks;
				PRODUCT_NAME = "$(TARGET_NAME)";
				SWIFT_EMIT_LOC_STRINGS = YES;
				SWIFT_VERSION = 5.0;
				TARGETED_DEVICE_FAMILY = "1,2";
			};
			name = Release;
		};
		A6C954472B2098B100B70D7E /* Debug */ = {
			isa = XCBuildConfiguration;
			buildSettings = {
				ALWAYS_EMBED_SWIFT_STANDARD_LIBRARIES = YES;
				BUNDLE_LOADER = "$(TEST_HOST)";
				CODE_SIGN_STYLE = Automatic;
				CURRENT_PROJECT_VERSION = 1;
				GENERATE_INFOPLIST_FILE = YES;
				IPHONEOS_DEPLOYMENT_TARGET = 17.0;
				MARKETING_VERSION = 1.0;
				PRODUCT_BUNDLE_IDENTIFIER = com.wegile.demo.ProblemSolvingTasksTests;
				PRODUCT_NAME = "$(TARGET_NAME)";
				SWIFT_EMIT_LOC_STRINGS = NO;
				SWIFT_VERSION = 5.0;
				TARGETED_DEVICE_FAMILY = "1,2";
				TEST_HOST = "$(BUILT_PRODUCTS_DIR)/ProblemSolvingTasks.app/$(BUNDLE_EXECUTABLE_FOLDER_PATH)/ProblemSolvingTasks";
			};
			name = Debug;
		};
		A6C954482B2098B100B70D7E /* Release */ = {
			isa = XCBuildConfiguration;
			buildSettings = {
				ALWAYS_EMBED_SWIFT_STANDARD_LIBRARIES = YES;
				BUNDLE_LOADER = "$(TEST_HOST)";
				CODE_SIGN_STYLE = Automatic;
				CURRENT_PROJECT_VERSION = 1;
				GENERATE_INFOPLIST_FILE = YES;
				IPHONEOS_DEPLOYMENT_TARGET = 17.0;
				MARKETING_VERSION = 1.0;
				PRODUCT_BUNDLE_IDENTIFIER = com.wegile.demo.ProblemSolvingTasksTests;
				PRODUCT_NAME = "$(TARGET_NAME)";
				SWIFT_EMIT_LOC_STRINGS = NO;
				SWIFT_VERSION = 5.0;
				TARGETED_DEVICE_FAMILY = "1,2";
				TEST_HOST = "$(BUILT_PRODUCTS_DIR)/ProblemSolvingTasks.app/$(BUNDLE_EXECUTABLE_FOLDER_PATH)/ProblemSolvingTasks";
			};
			name = Release;
		};
		A6C9544A2B2098B100B70D7E /* Debug */ = {
			isa = XCBuildConfiguration;
			buildSettings = {
				ALWAYS_EMBED_SWIFT_STANDARD_LIBRARIES = YES;
				CODE_SIGN_STYLE = Automatic;
				CURRENT_PROJECT_VERSION = 1;
				GENERATE_INFOPLIST_FILE = YES;
				MARKETING_VERSION = 1.0;
				PRODUCT_BUNDLE_IDENTIFIER = com.wegile.demo.ProblemSolvingTasksUITests;
				PRODUCT_NAME = "$(TARGET_NAME)";
				SWIFT_EMIT_LOC_STRINGS = NO;
				SWIFT_VERSION = 5.0;
				TARGETED_DEVICE_FAMILY = "1,2";
				TEST_TARGET_NAME = ProblemSolvingTasks;
			};
			name = Debug;
		};
		A6C9544B2B2098B100B70D7E /* Release */ = {
			isa = XCBuildConfiguration;
			buildSettings = {
				ALWAYS_EMBED_SWIFT_STANDARD_LIBRARIES = YES;
				CODE_SIGN_STYLE = Automatic;
				CURRENT_PROJECT_VERSION = 1;
				GENERATE_INFOPLIST_FILE = YES;
				MARKETING_VERSION = 1.0;
				PRODUCT_BUNDLE_IDENTIFIER = com.wegile.demo.ProblemSolvingTasksUITests;
				PRODUCT_NAME = "$(TARGET_NAME)";
				SWIFT_EMIT_LOC_STRINGS = NO;
				SWIFT_VERSION = 5.0;
				TARGETED_DEVICE_FAMILY = "1,2";
				TEST_TARGET_NAME = ProblemSolvingTasks;
			};
			name = Release;
		};
/* End XCBuildConfiguration section */

/* Begin XCConfigurationList section */
		A6C954142B2098AF00B70D7E /* Build configuration list for PBXProject "ProblemSolvingTasks" */ = {
			isa = XCConfigurationList;
			buildConfigurations = (
				A6C954412B2098B100B70D7E /* Debug */,
				A6C954422B2098B100B70D7E /* Release */,
			);
			defaultConfigurationIsVisible = 0;
			defaultConfigurationName = Release;
		};
		A6C954432B2098B100B70D7E /* Build configuration list for PBXNativeTarget "ProblemSolvingTasks" */ = {
			isa = XCConfigurationList;
			buildConfigurations = (
				A6C954442B2098B100B70D7E /* Debug */,
				A6C954452B2098B100B70D7E /* Release */,
			);
			defaultConfigurationIsVisible = 0;
			defaultConfigurationName = Release;
		};
		A6C954462B2098B100B70D7E /* Build configuration list for PBXNativeTarget "ProblemSolvingTasksTests" */ = {
			isa = XCConfigurationList;
			buildConfigurations = (
				A6C954472B2098B100B70D7E /* Debug */,
				A6C954482B2098B100B70D7E /* Release */,
			);
			defaultConfigurationIsVisible = 0;
			defaultConfigurationName = Release;
		};
		A6C954492B2098B100B70D7E /* Build configuration list for PBXNativeTarget "ProblemSolvingTasksUITests" */ = {
			isa = XCConfigurationList;
			buildConfigurations = (
				A6C9544A2B2098B100B70D7E /* Debug */,
				A6C9544B2B2098B100B70D7E /* Release */,
			);
			defaultConfigurationIsVisible = 0;
			defaultConfigurationName = Release;
		};
/* End XCConfigurationList section */
	};
	rootObject = A6C954112B2098AF00B70D7E /* Project object */;
}
