// !$*UTF8*$!
{
	archiveVersion = 1;
	classes = {
	};
	objectVersion = 56;
	objects = {

/* Begin PBXBuildFile section */
		A6A7197F2B28E02B0012BF1D /* SwiftUiPracticeApp.swift in Sources */ = {isa = PBXBuildFile; fileRef = A6A7197E2B28E02B0012BF1D /* SwiftUiPracticeApp.swift */; };
		A6A719812B28E02B0012BF1D /* ContentView.swift in Sources */ = {isa = PBXBuildFile; fileRef = A6A719802B28E02B0012BF1D /* ContentView.swift */; };
		A6A719832B28E02E0012BF1D /* Assets.xcassets in Resources */ = {isa = PBXBuildFile; fileRef = A6A719822B28E02E0012BF1D /* Assets.xcassets */; };
		A6A719862B28E02E0012BF1D /* Preview Assets.xcassets in Resources */ = {isa = PBXBuildFile; fileRef = A6A719852B28E02E0012BF1D /* Preview Assets.xcassets */; };
		A6A719902B28E02E0012BF1D /* SwiftUiPracticeTests.swift in Sources */ = {isa = PBXBuildFile; fileRef = A6A7198F2B28E02E0012BF1D /* SwiftUiPracticeTests.swift */; };
		A6A7199A2B28E02E0012BF1D /* SwiftUiPracticeUITests.swift in Sources */ = {isa = PBXBuildFile; fileRef = A6A719992B28E02E0012BF1D /* SwiftUiPracticeUITests.swift */; };
		A6A7199C2B28E02E0012BF1D /* SwiftUiPracticeUITestsLaunchTests.swift in Sources */ = {isa = PBXBuildFile; fileRef = A6A7199B2B28E02E0012BF1D /* SwiftUiPracticeUITestsLaunchTests.swift */; };
		A6A719A92B28E3B40012BF1D /* TextView.swift in Sources */ = {isa = PBXBuildFile; fileRef = A6A719A82B28E3B40012BF1D /* TextView.swift */; };
		A6A719AB2B28F4910012BF1D /* DataModel.swift in Sources */ = {isa = PBXBuildFile; fileRef = A6A719AA2B28F4910012BF1D /* DataModel.swift */; };
		A6A719AD2B28F8B70012BF1D /* MessageView.swift in Sources */ = {isa = PBXBuildFile; fileRef = A6A719AC2B28F8B70012BF1D /* MessageView.swift */; };
		A6A719AF2B28F8FB0012BF1D /* TitleView.swift in Sources */ = {isa = PBXBuildFile; fileRef = A6A719AE2B28F8FB0012BF1D /* TitleView.swift */; };
/* End PBXBuildFile section */

/* Begin PBXContainerItemProxy section */
		A6A7198C2B28E02E0012BF1D /* PBXContainerItemProxy */ = {
			isa = PBXContainerItemProxy;
			containerPortal = A6A719732B28E02B0012BF1D /* Project object */;
			proxyType = 1;
			remoteGlobalIDString = A6A7197A2B28E02B0012BF1D;
			remoteInfo = SwiftUiPractice;
		};
		A6A719962B28E02E0012BF1D /* PBXContainerItemProxy */ = {
			isa = PBXContainerItemProxy;
			containerPortal = A6A719732B28E02B0012BF1D /* Project object */;
			proxyType = 1;
			remoteGlobalIDString = A6A7197A2B28E02B0012BF1D;
			remoteInfo = SwiftUiPractice;
		};
/* End PBXContainerItemProxy section */

/* Begin PBXFileReference section */
		A6A7197B2B28E02B0012BF1D /* SwiftUiPractice.app */ = {isa = PBXFileReference; explicitFileType = wrapper.application; includeInIndex = 0; path = SwiftUiPractice.app; sourceTree = BUILT_PRODUCTS_DIR; };
		A6A7197E2B28E02B0012BF1D /* SwiftUiPracticeApp.swift */ = {isa = PBXFileReference; lastKnownFileType = sourcecode.swift; path = SwiftUiPracticeApp.swift; sourceTree = "<group>"; };
		A6A719802B28E02B0012BF1D /* ContentView.swift */ = {isa = PBXFileReference; lastKnownFileType = sourcecode.swift; path = ContentView.swift; sourceTree = "<group>"; };
		A6A719822B28E02E0012BF1D /* Assets.xcassets */ = {isa = PBXFileReference; lastKnownFileType = folder.assetcatalog; path = Assets.xcassets; sourceTree = "<group>"; };
		A6A719852B28E02E0012BF1D /* Preview Assets.xcassets */ = {isa = PBXFileReference; lastKnownFileType = folder.assetcatalog; path = "Preview Assets.xcassets"; sourceTree = "<group>"; };
		A6A7198B2B28E02E0012BF1D /* SwiftUiPracticeTests.xctest */ = {isa = PBXFileReference; explicitFileType = wrapper.cfbundle; includeInIndex = 0; path = SwiftUiPracticeTests.xctest; sourceTree = BUILT_PRODUCTS_DIR; };
		A6A7198F2B28E02E0012BF1D /* SwiftUiPracticeTests.swift */ = {isa = PBXFileReference; lastKnownFileType = sourcecode.swift; path = SwiftUiPracticeTests.swift; sourceTree = "<group>"; };
		A6A719952B28E02E0012BF1D /* SwiftUiPracticeUITests.xctest */ = {isa = PBXFileReference; explicitFileType = wrapper.cfbundle; includeInIndex = 0; path = SwiftUiPracticeUITests.xctest; sourceTree = BUILT_PRODUCTS_DIR; };
		A6A719992B28E02E0012BF1D /* SwiftUiPracticeUITests.swift */ = {isa = PBXFileReference; lastKnownFileType = sourcecode.swift; path = SwiftUiPracticeUITests.swift; sourceTree = "<group>"; };
		A6A7199B2B28E02E0012BF1D /* SwiftUiPracticeUITestsLaunchTests.swift */ = {isa = PBXFileReference; lastKnownFileType = sourcecode.swift; path = SwiftUiPracticeUITestsLaunchTests.swift; sourceTree = "<group>"; };
		A6A719A82B28E3B40012BF1D /* TextView.swift */ = {isa = PBXFileReference; lastKnownFileType = sourcecode.swift; path = TextView.swift; sourceTree = "<group>"; };
		A6A719AA2B28F4910012BF1D /* DataModel.swift */ = {isa = PBXFileReference; lastKnownFileType = sourcecode.swift; path = DataModel.swift; sourceTree = "<group>"; };
		A6A719AC2B28F8B70012BF1D /* MessageView.swift */ = {isa = PBXFileReference; lastKnownFileType = sourcecode.swift; path = MessageView.swift; sourceTree = "<group>"; };
		A6A719AE2B28F8FB0012BF1D /* TitleView.swift */ = {isa = PBXFileReference; lastKnownFileType = sourcecode.swift; path = TitleView.swift; sourceTree = "<group>"; };
/* End PBXFileReference section */

/* Begin PBXFrameworksBuildPhase section */
		A6A719782B28E02B0012BF1D /* Frameworks */ = {
			isa = PBXFrameworksBuildPhase;
			buildActionMask = 2147483647;
			files = (
			);
			runOnlyForDeploymentPostprocessing = 0;
		};
		A6A719882B28E02E0012BF1D /* Frameworks */ = {
			isa = PBXFrameworksBuildPhase;
			buildActionMask = 2147483647;
			files = (
			);
			runOnlyForDeploymentPostprocessing = 0;
		};
		A6A719922B28E02E0012BF1D /* Frameworks */ = {
			isa = PBXFrameworksBuildPhase;
			buildActionMask = 2147483647;
			files = (
			);
			runOnlyForDeploymentPostprocessing = 0;
		};
/* End PBXFrameworksBuildPhase section */

/* Begin PBXGroup section */
		A6A719722B28E02B0012BF1D = {
			isa = PBXGroup;
			children = (
				A6A7197D2B28E02B0012BF1D /* SwiftUiPractice */,
				A6A7198E2B28E02E0012BF1D /* SwiftUiPracticeTests */,
				A6A719982B28E02E0012BF1D /* SwiftUiPracticeUITests */,
				A6A7197C2B28E02B0012BF1D /* Products */,
			);
			sourceTree = "<group>";
		};
		A6A7197C2B28E02B0012BF1D /* Products */ = {
			isa = PBXGroup;
			children = (
				A6A7197B2B28E02B0012BF1D /* SwiftUiPractice.app */,
				A6A7198B2B28E02E0012BF1D /* SwiftUiPracticeTests.xctest */,
				A6A719952B28E02E0012BF1D /* SwiftUiPracticeUITests.xctest */,
			);
			name = Products;
			sourceTree = "<group>";
		};
		A6A7197D2B28E02B0012BF1D /* SwiftUiPractice */ = {
			isa = PBXGroup;
			children = (
				A6A7197E2B28E02B0012BF1D /* SwiftUiPracticeApp.swift */,
				A6A719802B28E02B0012BF1D /* ContentView.swift */,
				A6A719A82B28E3B40012BF1D /* TextView.swift */,
				A6A719AC2B28F8B70012BF1D /* MessageView.swift */,
				A6A719AE2B28F8FB0012BF1D /* TitleView.swift */,
				A6A719822B28E02E0012BF1D /* Assets.xcassets */,
				A6A719842B28E02E0012BF1D /* Preview Content */,
				A6A719AA2B28F4910012BF1D /* DataModel.swift */,
			);
			path = SwiftUiPractice;
			sourceTree = "<group>";
		};
		A6A719842B28E02E0012BF1D /* Preview Content */ = {
			isa = PBXGroup;
			children = (
				A6A719852B28E02E0012BF1D /* Preview Assets.xcassets */,
			);
			path = "Preview Content";
			sourceTree = "<group>";
		};
		A6A7198E2B28E02E0012BF1D /* SwiftUiPracticeTests */ = {
			isa = PBXGroup;
			children = (
				A6A7198F2B28E02E0012BF1D /* SwiftUiPracticeTests.swift */,
			);
			path = SwiftUiPracticeTests;
			sourceTree = "<group>";
		};
		A6A719982B28E02E0012BF1D /* SwiftUiPracticeUITests */ = {
			isa = PBXGroup;
			children = (
				A6A719992B28E02E0012BF1D /* SwiftUiPracticeUITests.swift */,
				A6A7199B2B28E02E0012BF1D /* SwiftUiPracticeUITestsLaunchTests.swift */,
			);
			path = SwiftUiPracticeUITests;
			sourceTree = "<group>";
		};
/* End PBXGroup section */

/* Begin PBXNativeTarget section */
		A6A7197A2B28E02B0012BF1D /* SwiftUiPractice */ = {
			isa = PBXNativeTarget;
			buildConfigurationList = A6A7199F2B28E02E0012BF1D /* Build configuration list for PBXNativeTarget "SwiftUiPractice" */;
			buildPhases = (
				A6A719772B28E02B0012BF1D /* Sources */,
				A6A719782B28E02B0012BF1D /* Frameworks */,
				A6A719792B28E02B0012BF1D /* Resources */,
			);
			buildRules = (
			);
			dependencies = (
			);
			name = SwiftUiPractice;
			productName = SwiftUiPractice;
			productReference = A6A7197B2B28E02B0012BF1D /* SwiftUiPractice.app */;
			productType = "com.apple.product-type.application";
		};
		A6A7198A2B28E02E0012BF1D /* SwiftUiPracticeTests */ = {
			isa = PBXNativeTarget;
			buildConfigurationList = A6A719A22B28E02E0012BF1D /* Build configuration list for PBXNativeTarget "SwiftUiPracticeTests" */;
			buildPhases = (
				A6A719872B28E02E0012BF1D /* Sources */,
				A6A719882B28E02E0012BF1D /* Frameworks */,
				A6A719892B28E02E0012BF1D /* Resources */,
			);
			buildRules = (
			);
			dependencies = (
				A6A7198D2B28E02E0012BF1D /* PBXTargetDependency */,
			);
			name = SwiftUiPracticeTests;
			productName = SwiftUiPracticeTests;
			productReference = A6A7198B2B28E02E0012BF1D /* SwiftUiPracticeTests.xctest */;
			productType = "com.apple.product-type.bundle.unit-test";
		};
		A6A719942B28E02E0012BF1D /* SwiftUiPracticeUITests */ = {
			isa = PBXNativeTarget;
			buildConfigurationList = A6A719A52B28E02E0012BF1D /* Build configuration list for PBXNativeTarget "SwiftUiPracticeUITests" */;
			buildPhases = (
				A6A719912B28E02E0012BF1D /* Sources */,
				A6A719922B28E02E0012BF1D /* Frameworks */,
				A6A719932B28E02E0012BF1D /* Resources */,
			);
			buildRules = (
			);
			dependencies = (
				A6A719972B28E02E0012BF1D /* PBXTargetDependency */,
			);
			name = SwiftUiPracticeUITests;
			productName = SwiftUiPracticeUITests;
			productReference = A6A719952B28E02E0012BF1D /* SwiftUiPracticeUITests.xctest */;
			productType = "com.apple.product-type.bundle.ui-testing";
		};
/* End PBXNativeTarget section */

/* Begin PBXProject section */
		A6A719732B28E02B0012BF1D /* Project object */ = {
			isa = PBXProject;
			attributes = {
				BuildIndependentTargetsInParallel = 1;
				LastSwiftUpdateCheck = 1500;
				LastUpgradeCheck = 1500;
				TargetAttributes = {
					A6A7197A2B28E02B0012BF1D = {
						CreatedOnToolsVersion = 15.0.1;
					};
					A6A7198A2B28E02E0012BF1D = {
						CreatedOnToolsVersion = 15.0.1;
						TestTargetID = A6A7197A2B28E02B0012BF1D;
					};
					A6A719942B28E02E0012BF1D = {
						CreatedOnToolsVersion = 15.0.1;
						TestTargetID = A6A7197A2B28E02B0012BF1D;
					};
				};
			};
			buildConfigurationList = A6A719762B28E02B0012BF1D /* Build configuration list for PBXProject "SwiftUiPractice" */;
			compatibilityVersion = "Xcode 14.0";
			developmentRegion = en;
			hasScannedForEncodings = 0;
			knownRegions = (
				en,
				Base,
			);
			mainGroup = A6A719722B28E02B0012BF1D;
			productRefGroup = A6A7197C2B28E02B0012BF1D /* Products */;
			projectDirPath = "";
			projectRoot = "";
			targets = (
				A6A7197A2B28E02B0012BF1D /* SwiftUiPractice */,
				A6A7198A2B28E02E0012BF1D /* SwiftUiPracticeTests */,
				A6A719942B28E02E0012BF1D /* SwiftUiPracticeUITests */,
			);
		};
/* End PBXProject section */

/* Begin PBXResourcesBuildPhase section */
		A6A719792B28E02B0012BF1D /* Resources */ = {
			isa = PBXResourcesBuildPhase;
			buildActionMask = 2147483647;
			files = (
				A6A719862B28E02E0012BF1D /* Preview Assets.xcassets in Resources */,
				A6A719832B28E02E0012BF1D /* Assets.xcassets in Resources */,
			);
			runOnlyForDeploymentPostprocessing = 0;
		};
		A6A719892B28E02E0012BF1D /* Resources */ = {
			isa = PBXResourcesBuildPhase;
			buildActionMask = 2147483647;
			files = (
			);
			runOnlyForDeploymentPostprocessing = 0;
		};
		A6A719932B28E02E0012BF1D /* Resources */ = {
			isa = PBXResourcesBuildPhase;
			buildActionMask = 2147483647;
			files = (
			);
			runOnlyForDeploymentPostprocessing = 0;
		};
/* End PBXResourcesBuildPhase section */

/* Begin PBXSourcesBuildPhase section */
		A6A719772B28E02B0012BF1D /* Sources */ = {
			isa = PBXSourcesBuildPhase;
			buildActionMask = 2147483647;
			files = (
				A6A719A92B28E3B40012BF1D /* TextView.swift in Sources */,
				A6A719AB2B28F4910012BF1D /* DataModel.swift in Sources */,
				A6A719812B28E02B0012BF1D /* ContentView.swift in Sources */,
				A6A7197F2B28E02B0012BF1D /* SwiftUiPracticeApp.swift in Sources */,
				A6A719AD2B28F8B70012BF1D /* MessageView.swift in Sources */,
				A6A719AF2B28F8FB0012BF1D /* TitleView.swift in Sources */,
			);
			runOnlyForDeploymentPostprocessing = 0;
		};
		A6A719872B28E02E0012BF1D /* Sources */ = {
			isa = PBXSourcesBuildPhase;
			buildActionMask = 2147483647;
			files = (
				A6A719902B28E02E0012BF1D /* SwiftUiPracticeTests.swift in Sources */,
			);
			runOnlyForDeploymentPostprocessing = 0;
		};
		A6A719912B28E02E0012BF1D /* Sources */ = {
			isa = PBXSourcesBuildPhase;
			buildActionMask = 2147483647;
			files = (
				A6A7199A2B28E02E0012BF1D /* SwiftUiPracticeUITests.swift in Sources */,
				A6A7199C2B28E02E0012BF1D /* SwiftUiPracticeUITestsLaunchTests.swift in Sources */,
			);
			runOnlyForDeploymentPostprocessing = 0;
		};
/* End PBXSourcesBuildPhase section */

/* Begin PBXTargetDependency section */
		A6A7198D2B28E02E0012BF1D /* PBXTargetDependency */ = {
			isa = PBXTargetDependency;
			target = A6A7197A2B28E02B0012BF1D /* SwiftUiPractice */;
			targetProxy = A6A7198C2B28E02E0012BF1D /* PBXContainerItemProxy */;
		};
		A6A719972B28E02E0012BF1D /* PBXTargetDependency */ = {
			isa = PBXTargetDependency;
			target = A6A7197A2B28E02B0012BF1D /* SwiftUiPractice */;
			targetProxy = A6A719962B28E02E0012BF1D /* PBXContainerItemProxy */;
		};
/* End PBXTargetDependency section */

/* Begin XCBuildConfiguration section */
		A6A7199D2B28E02E0012BF1D /* Debug */ = {
			isa = XCBuildConfiguration;
			buildSettings = {
				ALWAYS_SEARCH_USER_PATHS = NO;
				ASSETCATALOG_COMPILER_GENERATE_SWIFT_ASSET_SYMBOL_EXTENSIONS = YES;
				CLANG_ANALYZER_NONNULL = YES;
				CLANG_ANALYZER_NUMBER_OBJECT_CONVERSION = YES_AGGRESSIVE;
				CLANG_CXX_LANGUAGE_STANDARD = "gnu++20";
				CLANG_ENABLE_MODULES = YES;
				CLANG_ENABLE_OBJC_ARC = YES;
				CLANG_ENABLE_OBJC_WEAK = YES;
				CLANG_WARN_BLOCK_CAPTURE_AUTORELEASING = YES;
				CLANG_WARN_BOOL_CONVERSION = YES;
				CLANG_WARN_COMMA = YES;
				CLANG_WARN_CONSTANT_CONVERSION = YES;
				CLANG_WARN_DEPRECATED_OBJC_IMPLEMENTATIONS = YES;
				CLANG_WARN_DIRECT_OBJC_ISA_USAGE = YES_ERROR;
				CLANG_WARN_DOCUMENTATION_COMMENTS = YES;
				CLANG_WARN_EMPTY_BODY = YES;
				CLANG_WARN_ENUM_CONVERSION = YES;
				CLANG_WARN_INFINITE_RECURSION = YES;
				CLANG_WARN_INT_CONVERSION = YES;
				CLANG_WARN_NON_LITERAL_NULL_CONVERSION = YES;
				CLANG_WARN_OBJC_IMPLICIT_RETAIN_SELF = YES;
				CLANG_WARN_OBJC_LITERAL_CONVERSION = YES;
				CLANG_WARN_OBJC_ROOT_CLASS = YES_ERROR;
				CLANG_WARN_QUOTED_INCLUDE_IN_FRAMEWORK_HEADER = YES;
				CLANG_WARN_RANGE_LOOP_ANALYSIS = YES;
				CLANG_WARN_STRICT_PROTOTYPES = YES;
				CLANG_WARN_SUSPICIOUS_MOVE = YES;
				CLANG_WARN_UNGUARDED_AVAILABILITY = YES_AGGRESSIVE;
				CLANG_WARN_UNREACHABLE_CODE = YES;
				CLANG_WARN__DUPLICATE_METHOD_MATCH = YES;
				COPY_PHASE_STRIP = NO;
				DEBUG_INFORMATION_FORMAT = dwarf;
				ENABLE_STRICT_OBJC_MSGSEND = YES;
				ENABLE_TESTABILITY = YES;
				ENABLE_USER_SCRIPT_SANDBOXING = YES;
				GCC_C_LANGUAGE_STANDARD = gnu17;
				GCC_DYNAMIC_NO_PIC = NO;
				GCC_NO_COMMON_BLOCKS = YES;
				GCC_OPTIMIZATION_LEVEL = 0;
				GCC_PREPROCESSOR_DEFINITIONS = (
					"DEBUG=1",
					"$(inherited)",
				);
				GCC_WARN_64_TO_32_BIT_CONVERSION = YES;
				GCC_WARN_ABOUT_RETURN_TYPE = YES_ERROR;
				GCC_WARN_UNDECLARED_SELECTOR = YES;
				GCC_WARN_UNINITIALIZED_AUTOS = YES_AGGRESSIVE;
				GCC_WARN_UNUSED_FUNCTION = YES;
				GCC_WARN_UNUSED_VARIABLE = YES;
				IPHONEOS_DEPLOYMENT_TARGET = 17.0;
				LOCALIZATION_PREFERS_STRING_CATALOGS = YES;
				MTL_ENABLE_DEBUG_INFO = INCLUDE_SOURCE;
				MTL_FAST_MATH = YES;
				ONLY_ACTIVE_ARCH = YES;
				SDKROOT = iphoneos;
				SWIFT_ACTIVE_COMPILATION_CONDITIONS = "DEBUG $(inherited)";
				SWIFT_OPTIMIZATION_LEVEL = "-Onone";
			};
			name = Debug;
		};
		A6A7199E2B28E02E0012BF1D /* Release */ = {
			isa = XCBuildConfiguration;
			buildSettings = {
				ALWAYS_SEARCH_USER_PATHS = NO;
				ASSETCATALOG_COMPILER_GENERATE_SWIFT_ASSET_SYMBOL_EXTENSIONS = YES;
				CLANG_ANALYZER_NONNULL = YES;
				CLANG_ANALYZER_NUMBER_OBJECT_CONVERSION = YES_AGGRESSIVE;
				CLANG_CXX_LANGUAGE_STANDARD = "gnu++20";
				CLANG_ENABLE_MODULES = YES;
				CLANG_ENABLE_OBJC_ARC = YES;
				CLANG_ENABLE_OBJC_WEAK = YES;
				CLANG_WARN_BLOCK_CAPTURE_AUTORELEASING = YES;
				CLANG_WARN_BOOL_CONVERSION = YES;
				CLANG_WARN_COMMA = YES;
				CLANG_WARN_CONSTANT_CONVERSION = YES;
				CLANG_WARN_DEPRECATED_OBJC_IMPLEMENTATIONS = YES;
				CLANG_WARN_DIRECT_OBJC_ISA_USAGE = YES_ERROR;
				CLANG_WARN_DOCUMENTATION_COMMENTS = YES;
				CLANG_WARN_EMPTY_BODY = YES;
				CLANG_WARN_ENUM_CONVERSION = YES;
				CLANG_WARN_INFINITE_RECURSION = YES;
				CLANG_WARN_INT_CONVERSION = YES;
				CLANG_WARN_NON_LITERAL_NULL_CONVERSION = YES;
				CLANG_WARN_OBJC_IMPLICIT_RETAIN_SELF = YES;
				CLANG_WARN_OBJC_LITERAL_CONVERSION = YES;
				CLANG_WARN_OBJC_ROOT_CLASS = YES_ERROR;
				CLANG_WARN_QUOTED_INCLUDE_IN_FRAMEWORK_HEADER = YES;
				CLANG_WARN_RANGE_LOOP_ANALYSIS = YES;
				CLANG_WARN_STRICT_PROTOTYPES = YES;
				CLANG_WARN_SUSPICIOUS_MOVE = YES;
				CLANG_WARN_UNGUARDED_AVAILABILITY = YES_AGGRESSIVE;
				CLANG_WARN_UNREACHABLE_CODE = YES;
				CLANG_WARN__DUPLICATE_METHOD_MATCH = YES;
				COPY_PHASE_STRIP = NO;
				DEBUG_INFORMATION_FORMAT = "dwarf-with-dsym";
				ENABLE_NS_ASSERTIONS = NO;
				ENABLE_STRICT_OBJC_MSGSEND = YES;
				ENABLE_USER_SCRIPT_SANDBOXING = YES;
				GCC_C_LANGUAGE_STANDARD = gnu17;
				GCC_NO_COMMON_BLOCKS = YES;
				GCC_WARN_64_TO_32_BIT_CONVERSION = YES;
				GCC_WARN_ABOUT_RETURN_TYPE = YES_ERROR;
				GCC_WARN_UNDECLARED_SELECTOR = YES;
				GCC_WARN_UNINITIALIZED_AUTOS = YES_AGGRESSIVE;
				GCC_WARN_UNUSED_FUNCTION = YES;
				GCC_WARN_UNUSED_VARIABLE = YES;
				IPHONEOS_DEPLOYMENT_TARGET = 17.0;
				LOCALIZATION_PREFERS_STRING_CATALOGS = YES;
				MTL_ENABLE_DEBUG_INFO = NO;
				MTL_FAST_MATH = YES;
				SDKROOT = iphoneos;
				SWIFT_COMPILATION_MODE = wholemodule;
				VALIDATE_PRODUCT = YES;
			};
			name = Release;
		};
		A6A719A02B28E02E0012BF1D /* Debug */ = {
			isa = XCBuildConfiguration;
			buildSettings = {
				ASSETCATALOG_COMPILER_APPICON_NAME = AppIcon;
				ASSETCATALOG_COMPILER_GLOBAL_ACCENT_COLOR_NAME = AccentColor;
				CODE_SIGN_STYLE = Automatic;
				CURRENT_PROJECT_VERSION = 1;
				DEVELOPMENT_ASSET_PATHS = "\"SwiftUiPractice/Preview Content\"";
				ENABLE_PREVIEWS = YES;
				GENERATE_INFOPLIST_FILE = YES;
				INFOPLIST_KEY_UIApplicationSceneManifest_Generation = YES;
				INFOPLIST_KEY_UIApplicationSupportsIndirectInputEvents = YES;
				INFOPLIST_KEY_UILaunchScreen_Generation = YES;
				INFOPLIST_KEY_UISupportedInterfaceOrientations_iPad = "UIInterfaceOrientationPortrait UIInterfaceOrientationPortraitUpsideDown UIInterfaceOrientationLandscapeLeft UIInterfaceOrientationLandscapeRight";
				INFOPLIST_KEY_UISupportedInterfaceOrientations_iPhone = "UIInterfaceOrientationPortrait UIInterfaceOrientationLandscapeLeft UIInterfaceOrientationLandscapeRight";
				LD_RUNPATH_SEARCH_PATHS = (
					"$(inherited)",
					"@executable_path/Frameworks",
				);
				MARKETING_VERSION = 1.0;
				PRODUCT_BUNDLE_IDENTIFIER = com.wegile.demo.SwiftUiPractice;
				PRODUCT_NAME = "$(TARGET_NAME)";
				SWIFT_EMIT_LOC_STRINGS = YES;
				SWIFT_VERSION = 5.0;
				TARGETED_DEVICE_FAMILY = "1,2";
			};
			name = Debug;
		};
		A6A719A12B28E02E0012BF1D /* Release */ = {
			isa = XCBuildConfiguration;
			buildSettings = {
				ASSETCATALOG_COMPILER_APPICON_NAME = AppIcon;
				ASSETCATALOG_COMPILER_GLOBAL_ACCENT_COLOR_NAME = AccentColor;
				CODE_SIGN_STYLE = Automatic;
				CURRENT_PROJECT_VERSION = 1;
				DEVELOPMENT_ASSET_PATHS = "\"SwiftUiPractice/Preview Content\"";
				ENABLE_PREVIEWS = YES;
				GENERATE_INFOPLIST_FILE = YES;
				INFOPLIST_KEY_UIApplicationSceneManifest_Generation = YES;
				INFOPLIST_KEY_UIApplicationSupportsIndirectInputEvents = YES;
				INFOPLIST_KEY_UILaunchScreen_Generation = YES;
				INFOPLIST_KEY_UISupportedInterfaceOrientations_iPad = "UIInterfaceOrientationPortrait UIInterfaceOrientationPortraitUpsideDown UIInterfaceOrientationLandscapeLeft UIInterfaceOrientationLandscapeRight";
				INFOPLIST_KEY_UISupportedInterfaceOrientations_iPhone = "UIInterfaceOrientationPortrait UIInterfaceOrientationLandscapeLeft UIInterfaceOrientationLandscapeRight";
				LD_RUNPATH_SEARCH_PATHS = (
					"$(inherited)",
					"@executable_path/Frameworks",
				);
				MARKETING_VERSION = 1.0;
				PRODUCT_BUNDLE_IDENTIFIER = com.wegile.demo.SwiftUiPractice;
				PRODUCT_NAME = "$(TARGET_NAME)";
				SWIFT_EMIT_LOC_STRINGS = YES;
				SWIFT_VERSION = 5.0;
				TARGETED_DEVICE_FAMILY = "1,2";
			};
			name = Release;
		};
		A6A719A32B28E02E0012BF1D /* Debug */ = {
			isa = XCBuildConfiguration;
			buildSettings = {
				ALWAYS_EMBED_SWIFT_STANDARD_LIBRARIES = YES;
				BUNDLE_LOADER = "$(TEST_HOST)";
				CODE_SIGN_STYLE = Automatic;
				CURRENT_PROJECT_VERSION = 1;
				GENERATE_INFOPLIST_FILE = YES;
				IPHONEOS_DEPLOYMENT_TARGET = 17.0;
				MARKETING_VERSION = 1.0;
				PRODUCT_BUNDLE_IDENTIFIER = com.wegile.demo.SwiftUiPracticeTests;
				PRODUCT_NAME = "$(TARGET_NAME)";
				SWIFT_EMIT_LOC_STRINGS = NO;
				SWIFT_VERSION = 5.0;
				TARGETED_DEVICE_FAMILY = "1,2";
				TEST_HOST = "$(BUILT_PRODUCTS_DIR)/SwiftUiPractice.app/$(BUNDLE_EXECUTABLE_FOLDER_PATH)/SwiftUiPractice";
			};
			name = Debug;
		};
		A6A719A42B28E02E0012BF1D /* Release */ = {
			isa = XCBuildConfiguration;
			buildSettings = {
				ALWAYS_EMBED_SWIFT_STANDARD_LIBRARIES = YES;
				BUNDLE_LOADER = "$(TEST_HOST)";
				CODE_SIGN_STYLE = Automatic;
				CURRENT_PROJECT_VERSION = 1;
				GENERATE_INFOPLIST_FILE = YES;
				IPHONEOS_DEPLOYMENT_TARGET = 17.0;
				MARKETING_VERSION = 1.0;
				PRODUCT_BUNDLE_IDENTIFIER = com.wegile.demo.SwiftUiPracticeTests;
				PRODUCT_NAME = "$(TARGET_NAME)";
				SWIFT_EMIT_LOC_STRINGS = NO;
				SWIFT_VERSION = 5.0;
				TARGETED_DEVICE_FAMILY = "1,2";
				TEST_HOST = "$(BUILT_PRODUCTS_DIR)/SwiftUiPractice.app/$(BUNDLE_EXECUTABLE_FOLDER_PATH)/SwiftUiPractice";
			};
			name = Release;
		};
		A6A719A62B28E02E0012BF1D /* Debug */ = {
			isa = XCBuildConfiguration;
			buildSettings = {
				ALWAYS_EMBED_SWIFT_STANDARD_LIBRARIES = YES;
				CODE_SIGN_STYLE = Automatic;
				CURRENT_PROJECT_VERSION = 1;
				GENERATE_INFOPLIST_FILE = YES;
				MARKETING_VERSION = 1.0;
				PRODUCT_BUNDLE_IDENTIFIER = com.wegile.demo.SwiftUiPracticeUITests;
				PRODUCT_NAME = "$(TARGET_NAME)";
				SWIFT_EMIT_LOC_STRINGS = NO;
				SWIFT_VERSION = 5.0;
				TARGETED_DEVICE_FAMILY = "1,2";
				TEST_TARGET_NAME = SwiftUiPractice;
			};
			name = Debug;
		};
		A6A719A72B28E02E0012BF1D /* Release */ = {
			isa = XCBuildConfiguration;
			buildSettings = {
				ALWAYS_EMBED_SWIFT_STANDARD_LIBRARIES = YES;
				CODE_SIGN_STYLE = Automatic;
				CURRENT_PROJECT_VERSION = 1;
				GENERATE_INFOPLIST_FILE = YES;
				MARKETING_VERSION = 1.0;
				PRODUCT_BUNDLE_IDENTIFIER = com.wegile.demo.SwiftUiPracticeUITests;
				PRODUCT_NAME = "$(TARGET_NAME)";
				SWIFT_EMIT_LOC_STRINGS = NO;
				SWIFT_VERSION = 5.0;
				TARGETED_DEVICE_FAMILY = "1,2";
				TEST_TARGET_NAME = SwiftUiPractice;
			};
			name = Release;
		};
/* End XCBuildConfiguration section */

/* Begin XCConfigurationList section */
		A6A719762B28E02B0012BF1D /* Build configuration list for PBXProject "SwiftUiPractice" */ = {
			isa = XCConfigurationList;
			buildConfigurations = (
				A6A7199D2B28E02E0012BF1D /* Debug */,
				A6A7199E2B28E02E0012BF1D /* Release */,
			);
			defaultConfigurationIsVisible = 0;
			defaultConfigurationName = Release;
		};
		A6A7199F2B28E02E0012BF1D /* Build configuration list for PBXNativeTarget "SwiftUiPractice" */ = {
			isa = XCConfigurationList;
			buildConfigurations = (
				A6A719A02B28E02E0012BF1D /* Debug */,
				A6A719A12B28E02E0012BF1D /* Release */,
			);
			defaultConfigurationIsVisible = 0;
			defaultConfigurationName = Release;
		};
		A6A719A22B28E02E0012BF1D /* Build configuration list for PBXNativeTarget "SwiftUiPracticeTests" */ = {
			isa = XCConfigurationList;
			buildConfigurations = (
				A6A719A32B28E02E0012BF1D /* Debug */,
				A6A719A42B28E02E0012BF1D /* Release */,
			);
			defaultConfigurationIsVisible = 0;
			defaultConfigurationName = Release;
		};
		A6A719A52B28E02E0012BF1D /* Build configuration list for PBXNativeTarget "SwiftUiPracticeUITests" */ = {
			isa = XCConfigurationList;
			buildConfigurations = (
				A6A719A62B28E02E0012BF1D /* Debug */,
				A6A719A72B28E02E0012BF1D /* Release */,
			);
			defaultConfigurationIsVisible = 0;
			defaultConfigurationName = Release;
		};
/* End XCConfigurationList section */
	};
	rootObject = A6A719732B28E02B0012BF1D /* Project object */;
}
